// !$*UTF8*$!
{
	archiveVersion = 1;
	classes = {
	};
	objectVersion = 46;
	objects = {

/* Begin PBXBuildFile section */
		01657084E8CE41BC879322BB /* MAURSQLiteLocationDAO.m in Sources */ = {isa = PBXBuildFile; fileRef = 8B872331CE0446D6AF6E73EE /* MAURSQLiteLocationDAO.m */; };
		0207DA581B56EA530066E2B4 /* Images.xcassets in Resources */ = {isa = PBXBuildFile; fileRef = 0207DA571B56EA530066E2B4 /* Images.xcassets */; };
		0A7883BDBB81492682385793 /* INTULocationRequest.m in Sources */ = {isa = PBXBuildFile; fileRef = 4A8C704CF2A44F1A8F98229B /* INTULocationRequest.m */; };
		0DC7A5FF36B64757AF04FBB5 /* Diagnostic_Microphone.m in Sources */ = {isa = PBXBuildFile; fileRef = 62E8E3223ABA435A8CB565F4 /* Diagnostic_Microphone.m */; };
		0F6EAC12E6B24F07B0C7C694 /* Diagnostic_Contacts.m in Sources */ = {isa = PBXBuildFile; fileRef = 51705FA2598B415EAA9A8CFC /* Diagnostic_Contacts.m */; };
		11E56637693B4867A92DC260 /* Diagnostic_Wifi.m in Sources */ = {isa = PBXBuildFile; fileRef = 4598C1E6A65E4E6B852417FB /* Diagnostic_Wifi.m */; };
		1437346B305047C7B1C1A27C /* Contacts.framework in Frameworks */ = {isa = PBXBuildFile; fileRef = 0AB3F48FEA794C95995B2A05 /* Contacts.framework */; };
		18FE7D700F5F4CADB8AF59F2 /* Diagnostic_Notifications.m in Sources */ = {isa = PBXBuildFile; fileRef = 1BE0A04807EB468C9AF636C9 /* Diagnostic_Notifications.m */; };
		1BBDE9A6196E4177B7B1267D /* CDVBarcodeScanner.bundle in Resources */ = {isa = PBXBuildFile; fileRef = 9503EFC573164E56B7782CF6 /* CDVBarcodeScanner.bundle */; };
		1BE51D25CE28461BBE15FA01 /* AddressBook.framework in Frameworks */ = {isa = PBXBuildFile; fileRef = 517AD186C6F946E582C0A94D /* AddressBook.framework */; };
		1D0B41E352D34FBFB4CCFA71 /* UIImage+CropScaleOrientation.m in Sources */ = {isa = PBXBuildFile; fileRef = B42BBF3C8C274E42AF6D5F05 /* UIImage+CropScaleOrientation.m */; };
		1D3623260D0F684500981E51 /* AppDelegate.m in Sources */ = {isa = PBXBuildFile; fileRef = 1D3623250D0F684500981E51 /* AppDelegate.m */; };
		1D60589B0D05DD56006BFB54 /* main.m in Sources */ = {isa = PBXBuildFile; fileRef = 29B97316FDCFA39411CA2CEA /* main.m */; };
		23217C88C8D64767A257A1E7 /* Security.framework in Frameworks */ = {isa = PBXBuildFile; fileRef = D4B43577B71A46DCB9D3059E /* Security.framework */; };
		23C796FB247A49D38A1B55AB /* CDVWKWebViewUIDelegate.m in Sources */ = {isa = PBXBuildFile; fileRef = 77A095B95BCF4B90B4C40C65 /* CDVWKWebViewUIDelegate.m */; };
		288EC1E9ABC548EDBC836B77 /* MAURConfigurationContract.m in Sources */ = {isa = PBXBuildFile; fileRef = 8BDBABF119C04E48BB9F1646 /* MAURConfigurationContract.m */; };
		2C34F6269D044ECEAE8BF9A0 /* MAURUncaughtExceptionLogger.m in Sources */ = {isa = PBXBuildFile; fileRef = 8392DF149CEE4DB3BB03A4DC /* MAURUncaughtExceptionLogger.m */; };
		301BF552109A68D80062928A /* libCordova.a in Frameworks */ = {isa = PBXBuildFile; fileRef = 301BF535109A57CC0062928A /* libCordova.a */; settings = {ATTRIBUTES = (Required, ); }; };
		302D95F114D2391D003F00A1 /* MainViewController.m in Sources */ = {isa = PBXBuildFile; fileRef = 302D95EF14D2391D003F00A1 /* MainViewController.m */; };
		302D95F214D2391D003F00A1 /* MainViewController.xib in Resources */ = {isa = PBXBuildFile; fileRef = 302D95F014D2391D003F00A1 /* MainViewController.xib */; };
		323CFFAB85F14FF8BB8D662F /* MAURLocation.m in Sources */ = {isa = PBXBuildFile; fileRef = E122423E9B504EA4BC627DE3 /* MAURLocation.m */; };
		34C1C5F25AA946AABC6BB816 /* MAURAbstractLocationProvider.m in Sources */ = {isa = PBXBuildFile; fileRef = 532AE03540AF44EA90B18894 /* MAURAbstractLocationProvider.m */; };
		35958AD9EA6F40C8890D979F /* MAURLocationContract.m in Sources */ = {isa = PBXBuildFile; fileRef = 097EA14571DE424A96F51CA1 /* MAURLocationContract.m */; };
		35BD6E4761E443AC9964DFF5 /* INTUHeadingRequest.m in Sources */ = {isa = PBXBuildFile; fileRef = 8377EDF8353343EEBBF240E5 /* INTUHeadingRequest.m */; };
		35E7409AA85B4391BCD00A61 /* CDVCamera.m in Sources */ = {isa = PBXBuildFile; fileRef = BC7D4C06E581455686A9B784 /* CDVCamera.m */; };
		40286EB288384C19A9C848D0 /* MAURBackgroundSync.m in Sources */ = {isa = PBXBuildFile; fileRef = B3462F5BCBE64EFFA8A37784 /* MAURBackgroundSync.m */; };
		42BD8768D8B94DBEA59D1782 /* MAURGeolocationOpenHelper.m in Sources */ = {isa = PBXBuildFile; fileRef = 01474232FEF2429C890ECB93 /* MAURGeolocationOpenHelper.m */; };
		43DA57D2EC7C49A3B306AD01 /* CDVViewController+SplashScreen.m in Sources */ = {isa = PBXBuildFile; fileRef = A9CAE9541277410D9E0DA46E /* CDVViewController+SplashScreen.m */; };
		44EBB66AB9FF4EAB89B3D3DA /* Diagnostic_Camera.m in Sources */ = {isa = PBXBuildFile; fileRef = F03483EF37B04678912CEA3F /* Diagnostic_Camera.m */; };
		48FCD35F5FB5484B870D14B3 /* MAURLogReader.m in Sources */ = {isa = PBXBuildFile; fileRef = 6EC45DBA327A44ACAB89B923 /* MAURLogReader.m */; };
		4A9C52CF88E940DF81A8A4C6 /* libsqlite3.dylib in Frameworks */ = {isa = PBXBuildFile; fileRef = 4888F50E3D6E439BAC89574A /* libsqlite3.dylib */; settings = {ATTRIBUTES = (Weak, ); }; };
		4CB7DC70405645248395E333 /* MAURSQLiteOpenHelper.m in Sources */ = {isa = PBXBuildFile; fileRef = 0A3DF59170464EDE87DC4287 /* MAURSQLiteOpenHelper.m */; };
		4CC4DCCA27BD4D1B89DA3E8B /* MAURSQLiteHelper.m in Sources */ = {isa = PBXBuildFile; fileRef = 7C5EE43A351B40D7AF7D6944 /* MAURSQLiteHelper.m */; };
		5581264CB47F4986BE79B4F8 /* Reachability.m in Sources */ = {isa = PBXBuildFile; fileRef = F95025074F6E4798AD7F9BE5 /* Reachability.m */; };
		591AE05B997C4A498EBC6B3A /* Diagnostic_Location.m in Sources */ = {isa = PBXBuildFile; fileRef = 8FE1DFCD6E1C43148F9BD86D /* Diagnostic_Location.m */; };
		598178CDAC6B416A9F656D0E /* CDVWKWebViewEngine.m in Sources */ = {isa = PBXBuildFile; fileRef = E766D1727E5A4441B6C00370 /* CDVWKWebViewEngine.m */; };
		5B33782A3CE84BD08AEAC364 /* ImageIO.framework in Frameworks */ = {isa = PBXBuildFile; fileRef = 855648662EDD412CB059BFDA /* ImageIO.framework */; settings = {ATTRIBUTES = (Weak, ); }; };
		5E17B3E6C4AF4B1C94095ABE /* CDVInAppBrowser.m in Sources */ = {isa = PBXBuildFile; fileRef = 38792B50A22F4BC9AE4AA5D6 /* CDVInAppBrowser.m */; };
		5FE033A979464C5581718011 /* Diagnostic_Calendar.m in Sources */ = {isa = PBXBuildFile; fileRef = 9A777E9DAEEC4772BA000B31 /* Diagnostic_Calendar.m */; };
		61C0DD0669EA429A9D9E3FCD /* INTURequestIDGenerator.m in Sources */ = {isa = PBXBuildFile; fileRef = ACF02840A26B4A5C9CE5B29D /* INTURequestIDGenerator.m */; };
		62BC028BE11F4763A2DB80C7 /* FMDB.m in Sources */ = {isa = PBXBuildFile; fileRef = F2C2A29281F94677AE339599 /* FMDB.m */; };
		638678530F8D4EC2A8896DCC /* CDVUniqueDeviceID.m in Sources */ = {isa = PBXBuildFile; fileRef = 883F655C7A91451888BE7779 /* CDVUniqueDeviceID.m */; };
		6AFF5BF91D6E424B00AB3073 /* CDVLaunchScreen.storyboard in Resources */ = {isa = PBXBuildFile; fileRef = 6AFF5BF81D6E424B00AB3073 /* CDVLaunchScreen.storyboard */; };
		6C52CAAE22F4473AAF9C21E8 /* MAURPostLocationTask.m in Sources */ = {isa = PBXBuildFile; fileRef = 83A72D4C207F491E8502B019 /* MAURPostLocationTask.m */; };
		6E66282B050947A0A98D2ECD /* MAURActivity.m in Sources */ = {isa = PBXBuildFile; fileRef = 04881252E6D94EA48F4DC7DC /* MAURActivity.m */; };
		6FFDDAA62F994D969A94547A /* CDVBarcodeScanner.mm in Sources */ = {isa = PBXBuildFile; fileRef = 046BBE1A241148318BF6A24B /* CDVBarcodeScanner.mm */; };
		727458B9C2A046A797FD991D /* IONAssetHandler.m in Sources */ = {isa = PBXBuildFile; fileRef = 57170182EAE94673A532CD23 /* IONAssetHandler.m */; };
		76E88D8C29274D28B5F6C351 /* Diagnostic_Motion.m in Sources */ = {isa = PBXBuildFile; fileRef = E4118C2BA2214F2FB16D4145 /* Diagnostic_Motion.m */; };
		770D27B96CEA4381AD17E1B4 /* SOMotionDetector.m in Sources */ = {isa = PBXBuildFile; fileRef = FA3E57B6F00A43CE987413FE /* SOMotionDetector.m */; };
		7B3E84A1AD2D4794B2EF4D2F /* FMDBLogger.m in Sources */ = {isa = PBXBuildFile; fileRef = A0CC8AE539AE4A3CBC374FE0 /* FMDBLogger.m */; };
		7D86CC684F7A4F3090C7AC0F /* CDVVibration.m in Sources */ = {isa = PBXBuildFile; fileRef = F179968D6CD74C58A5C1C962 /* CDVVibration.m */; };
		805AC4D812B545CCAA25ACD5 /* CDVLocation.m in Sources */ = {isa = PBXBuildFile; fileRef = F6FAC19BAF5C4E9BB8843B87 /* CDVLocation.m */; };
		84B4F8E811904821A9372D19 /* MAURBackgroundTaskManager.m in Sources */ = {isa = PBXBuildFile; fileRef = 02195CC4F8F84294847EB898 /* MAURBackgroundTaskManager.m */; };
		8D8AA1DD8B0440439DBD27BE /* SystemConfiguration.framework in Frameworks */ = {isa = PBXBuildFile; fileRef = 38FB92CCF40A4737B1199121 /* SystemConfiguration.framework */; };
		8E1A3F48C1734AF6823964BB /* UserNotifications.framework in Frameworks */ = {isa = PBXBuildFile; fileRef = E551B221EF79414FBF49548D /* UserNotifications.framework */; };
		93E9F60DBC924435AD027FA0 /* MAURLocationManager.m in Sources */ = {isa = PBXBuildFile; fileRef = 095DCBEB0E2F467B8BDF48C5 /* MAURLocationManager.m */; };
		9556680ED22740508EA38352 /* ZIMSqlExpression.m in Sources */ = {isa = PBXBuildFile; fileRef = C23417C7085946F3A7821A41 /* ZIMSqlExpression.m */; };
		9F6637F20225470BBC2403D5 /* INTULocationManager.m in Sources */ = {isa = PBXBuildFile; fileRef = 8910BFD825424D5D8BBB2C9F /* INTULocationManager.m */; };
		A179782D3F3449C0B0DBBF13 /* CDVWKProcessPoolFactory.m in Sources */ = {isa = PBXBuildFile; fileRef = 4B9042C4BA7646B89C24CCDA /* CDVWKProcessPoolFactory.m */; };
		A321C56DAFE44712B617ECDA /* Photos.framework in Frameworks */ = {isa = PBXBuildFile; fileRef = 773E54620FC74D229FDF59D9 /* Photos.framework */; };
		A4F1C40D3790470FBF43DE02 /* scannerOverlay.xib in Resources */ = {isa = PBXBuildFile; fileRef = 86830B64B1CF468F899896E0 /* scannerOverlay.xib */; };
		A9393891A3554EA89C9C8382 /* MAURBackgroundGeolocationFacade.m in Sources */ = {isa = PBXBuildFile; fileRef = 5E168E8602734A4EA1EFEF45 /* MAURBackgroundGeolocationFacade.m */; };
		AA005119F9FE434E9728636E /* AVFoundation.framework in Frameworks */ = {isa = PBXBuildFile; fileRef = A644794B8236487CB0A9F4F6 /* AVFoundation.framework */; };
		AA121A0D0D25499AAC3DFCBC /* CoreMotion.framework in Frameworks */ = {isa = PBXBuildFile; fileRef = C7B10B107F98499DA0139F09 /* CoreMotion.framework */; };
		AC211CDB7F5045C18B6F8949 /* ZIMSqlSelectStatement.m in Sources */ = {isa = PBXBuildFile; fileRef = 6CEE3299FFCB4142BDC575DA /* ZIMSqlSelectStatement.m */; };
		AF247F9E825742FFA5186F77 /* Diagnostic_Bluetooth.m in Sources */ = {isa = PBXBuildFile; fileRef = 50135E5A31B845E19C2AB713 /* Diagnostic_Bluetooth.m */; };
		B191A441EE0549B39E28559C /* CDVOrientation.m in Sources */ = {isa = PBXBuildFile; fileRef = E7511DBC281445E694ECE84E /* CDVOrientation.m */; };
		B5A725E00FC14B04A9FB1DF8 /* CDVStatusBar.m in Sources */ = {isa = PBXBuildFile; fileRef = F6D5A57D1309451CA589F5CC /* CDVStatusBar.m */; };
		B8055AD5EE0C4B99AD27E840 /* CocoaLumberjack.m in Sources */ = {isa = PBXBuildFile; fileRef = A360605294FF44D0BD12888B /* CocoaLumberjack.m */; };
		BE24740CB51A4C2291156592 /* SOLocationManager.m in Sources */ = {isa = PBXBuildFile; fileRef = C46A971DB652415A878E294E /* SOLocationManager.m */; };
		C29087639EC243A6A3C196AB /* MAURConfig.m in Sources */ = {isa = PBXBuildFile; fileRef = 311FDD4A788B4D559498EFE0 /* MAURConfig.m */; };
		C2B796ABC6B34891AC266490 /* MAURRawLocationProvider.m in Sources */ = {isa = PBXBuildFile; fileRef = F502E5C57F014287934E01A9 /* MAURRawLocationProvider.m */; };
		C9C97FB8AC97456CBD018E3E /* CoreLocation.framework in Frameworks */ = {isa = PBXBuildFile; fileRef = 9A1A13D4A8D5487DAB6923E9 /* CoreLocation.framework */; };
		CAC6E700A9864FBE97E3F7C9 /* CDVBackgroundGeolocation.m in Sources */ = {isa = PBXBuildFile; fileRef = 844064347B9747D5BA86206A /* CDVBackgroundGeolocation.m */; };
		CF92C4A0E72548F2991D2374 /* CDVSplashScreen.m in Sources */ = {isa = PBXBuildFile; fileRef = 2AC8E53C46F54F13B662EC55 /* CDVSplashScreen.m */; };
		CFEDB48DEEB7466FB0DCEFA1 /* Diagnostic.m in Sources */ = {isa = PBXBuildFile; fileRef = C8AC16B0EBC442D98B3788DF /* Diagnostic.m */; };
		D399AF7EACEF43FA8AF50727 /* CoreBluetooth.framework in Frameworks */ = {isa = PBXBuildFile; fileRef = 58853D58B70F4867B3C79FB8 /* CoreBluetooth.framework */; };
		DC06057098DA4803ACFD0858 /* Diagnostic_Reminders.m in Sources */ = {isa = PBXBuildFile; fileRef = A6C496F6FF7E4102B6B7F555 /* Diagnostic_Reminders.m */; };
		E2FC48E5622942E39B675184 /* MAURDistanceFilterLocationProvider.m in Sources */ = {isa = PBXBuildFile; fileRef = 2ECD76773F8A453DA46784CC /* MAURDistanceFilterLocationProvider.m */; };
		E37723E9B23D4BCB8D7A2191 /* CFCallNumber.m in Sources */ = {isa = PBXBuildFile; fileRef = C8451BBD9B09400E9BF51EC5 /* CFCallNumber.m */; };
		E4DFD0ED49DA400E974E2782 /* EventKit.framework in Frameworks */ = {isa = PBXBuildFile; fileRef = C9A68127273E41388767F570 /* EventKit.framework */; };
		E628AB7F8E154959AFA264AF /* WebKit.framework in Frameworks */ = {isa = PBXBuildFile; fileRef = AE9FD3C447254937950C6589 /* WebKit.framework */; settings = {ATTRIBUTES = (Weak, ); }; };
		E8C95C2EBDEC462B957A6AA9 /* SOStepDetector.m in Sources */ = {isa = PBXBuildFile; fileRef = EAEC90AF3B1844C4A715DB7F /* SOStepDetector.m */; };
		EF056BF1217E493AA46EA439 /* CDVJpegHeaderWriter.m in Sources */ = {isa = PBXBuildFile; fileRef = 350692A53AFB45D7A11BFED8 /* CDVJpegHeaderWriter.m */; };
		F18BA0DADC6A419585D0BE01 /* AudioToolbox.framework in Frameworks */ = {isa = PBXBuildFile; fileRef = 840A3EE564194368AF36C8E0 /* AudioToolbox.framework */; settings = {ATTRIBUTES = (Weak, ); }; };
		F4989004B88F44CF912DC57A /* MAURSQLiteConfigurationDAO.m in Sources */ = {isa = PBXBuildFile; fileRef = EA4D28C82FF843B99ED23D53 /* MAURSQLiteConfigurationDAO.m */; };
		F50C1CC97CF44E69B8599F1F /* NSString+ZIMString.m in Sources */ = {isa = PBXBuildFile; fileRef = FA45C06BF29D440CB30668D6 /* NSString+ZIMString.m */; };
		F53AEC3EC1DE444B8FB847B1 /* SOMotionActivity.m in Sources */ = {isa = PBXBuildFile; fileRef = 190E72ECBF7F44DFA204125E /* SOMotionActivity.m */; };
		F5535DB92CCD44C68DF6259C /* MAURActivityLocationProvider.m in Sources */ = {isa = PBXBuildFile; fileRef = 09FE7F6D1B914771A4BA4D68 /* MAURActivityLocationProvider.m */; };
		F5971AC9BE3A4B40A6E32E54 /* UICKeyChainStore.m in Sources */ = {isa = PBXBuildFile; fileRef = EA160CA5D3834FDAAA4B716D /* UICKeyChainStore.m */; };
		FB9E6CA8BC4449C799C2D79A /* CDVIonicKeyboard.m in Sources */ = {isa = PBXBuildFile; fileRef = 85EC4F9398C34E15A5B799A3 /* CDVIonicKeyboard.m */; };
		FE4FBCBD3DF54EF38D1322CA /* CDVDevice.m in Sources */ = {isa = PBXBuildFile; fileRef = 531A6F756EAE4FC7AEBDE775 /* CDVDevice.m */; };
/* End PBXBuildFile section */

/* Begin PBXContainerItemProxy section */
		301BF534109A57CC0062928A /* PBXContainerItemProxy */ = {
			isa = PBXContainerItemProxy;
			containerPortal = 301BF52D109A57CC0062928A /* CordovaLib.xcodeproj */;
			proxyType = 2;
			remoteGlobalIDString = D2AAC07E0554694100DB518D;
			remoteInfo = CordovaLib;
		};
		301BF550109A68C00062928A /* PBXContainerItemProxy */ = {
			isa = PBXContainerItemProxy;
			containerPortal = 301BF52D109A57CC0062928A /* CordovaLib.xcodeproj */;
			proxyType = 1;
			remoteGlobalIDString = D2AAC07D0554694100DB518D;
			remoteInfo = CordovaLib;
		};
		907D8123214C687600058A10 /* PBXContainerItemProxy */ = {
			isa = PBXContainerItemProxy;
			containerPortal = 301BF52D109A57CC0062928A /* CordovaLib.xcodeproj */;
			proxyType = 2;
			remoteGlobalIDString = C0C01EB21E3911D50056E6CB;
			remoteInfo = Cordova;
		};
/* End PBXContainerItemProxy section */

/* Begin PBXFileReference section */
		002C4BD5AAD14AEEA362FE56 /* Diagnostic_Microphone.h */ = {isa = PBXFileReference; explicitFileType = undefined; fileEncoding = 4; includeInIndex = 0; lastKnownFileType = sourcecode.c.h; name = Diagnostic_Microphone.h; path = cordova.plugins.diagnostic/Diagnostic_Microphone.h; sourceTree = "<group>"; };
		01474232FEF2429C890ECB93 /* MAURGeolocationOpenHelper.m */ = {isa = PBXFileReference; explicitFileType = undefined; fileEncoding = 4; includeInIndex = 0; lastKnownFileType = sourcecode.c.objc; name = MAURGeolocationOpenHelper.m; path = "cordova-plugin-mauron85-background-geolocation/MAURGeolocationOpenHelper.m"; sourceTree = "<group>"; };
		0207DA571B56EA530066E2B4 /* Images.xcassets */ = {isa = PBXFileReference; lastKnownFileType = folder.assetcatalog; name = Images.xcassets; path = Postsrvs/Images.xcassets; sourceTree = SOURCE_ROOT; };
		02195CC4F8F84294847EB898 /* MAURBackgroundTaskManager.m */ = {isa = PBXFileReference; explicitFileType = undefined; fileEncoding = 4; includeInIndex = 0; lastKnownFileType = sourcecode.c.objc; name = MAURBackgroundTaskManager.m; path = "cordova-plugin-mauron85-background-geolocation/MAURBackgroundTaskManager.m"; sourceTree = "<group>"; };
		027B46550FE040AB8F2D881D /* ZIMSqlDataManipulationCommand.h */ = {isa = PBXFileReference; explicitFileType = undefined; fileEncoding = 4; includeInIndex = 0; lastKnownFileType = sourcecode.c.h; name = ZIMSqlDataManipulationCommand.h; path = "cordova-plugin-mauron85-background-geolocation/ZIMSqlDataManipulationCommand.h"; sourceTree = "<group>"; };
		046BBE1A241148318BF6A24B /* CDVBarcodeScanner.mm */ = {isa = PBXFileReference; explicitFileType = undefined; fileEncoding = 9; includeInIndex = 0; lastKnownFileType = unknown; name = CDVBarcodeScanner.mm; path = "phonegap-plugin-barcodescanner/CDVBarcodeScanner.mm"; sourceTree = "<group>"; };
		04881252E6D94EA48F4DC7DC /* MAURActivity.m */ = {isa = PBXFileReference; explicitFileType = undefined; fileEncoding = 4; includeInIndex = 0; lastKnownFileType = sourcecode.c.objc; name = MAURActivity.m; path = "cordova-plugin-mauron85-background-geolocation/MAURActivity.m"; sourceTree = "<group>"; };
		068CCA4DF511429BAE696BEA /* MAURProviderDelegate.h */ = {isa = PBXFileReference; explicitFileType = undefined; fileEncoding = 4; includeInIndex = 0; lastKnownFileType = sourcecode.c.h; name = MAURProviderDelegate.h; path = "cordova-plugin-mauron85-background-geolocation/MAURProviderDelegate.h"; sourceTree = "<group>"; };
		07264ADCD5C741CCA593A148 /* CFCallNumber.h */ = {isa = PBXFileReference; explicitFileType = undefined; fileEncoding = 4; includeInIndex = 0; lastKnownFileType = sourcecode.c.h; name = CFCallNumber.h; path = "call-number/CFCallNumber.h"; sourceTree = "<group>"; };
		095DCBEB0E2F467B8BDF48C5 /* MAURLocationManager.m */ = {isa = PBXFileReference; explicitFileType = undefined; fileEncoding = 4; includeInIndex = 0; lastKnownFileType = sourcecode.c.objc; name = MAURLocationManager.m; path = "cordova-plugin-mauron85-background-geolocation/MAURLocationManager.m"; sourceTree = "<group>"; };
		097EA14571DE424A96F51CA1 /* MAURLocationContract.m */ = {isa = PBXFileReference; explicitFileType = undefined; fileEncoding = 4; includeInIndex = 0; lastKnownFileType = sourcecode.c.objc; name = MAURLocationContract.m; path = "cordova-plugin-mauron85-background-geolocation/MAURLocationContract.m"; sourceTree = "<group>"; };
		09FE7F6D1B914771A4BA4D68 /* MAURActivityLocationProvider.m */ = {isa = PBXFileReference; explicitFileType = undefined; fileEncoding = 4; includeInIndex = 0; lastKnownFileType = sourcecode.c.objc; name = MAURActivityLocationProvider.m; path = "cordova-plugin-mauron85-background-geolocation/MAURActivityLocationProvider.m"; sourceTree = "<group>"; };
		0A3DF59170464EDE87DC4287 /* MAURSQLiteOpenHelper.m */ = {isa = PBXFileReference; explicitFileType = undefined; fileEncoding = 4; includeInIndex = 0; lastKnownFileType = sourcecode.c.objc; name = MAURSQLiteOpenHelper.m; path = "cordova-plugin-mauron85-background-geolocation/MAURSQLiteOpenHelper.m"; sourceTree = "<group>"; };
		0AB3F48FEA794C95995B2A05 /* Contacts.framework */ = {isa = PBXFileReference; explicitFileType = undefined; fileEncoding = 9; includeInIndex = 0; lastKnownFileType = wrapper.framework; name = Contacts.framework; path = System/Library/Frameworks/Contacts.framework; sourceTree = SDKROOT; };
		0B3120FA238641839C669013 /* INTURequestIDGenerator.h */ = {isa = PBXFileReference; explicitFileType = undefined; fileEncoding = 4; includeInIndex = 0; lastKnownFileType = sourcecode.c.h; name = INTURequestIDGenerator.h; path = "cordova-plugin-mauron85-background-geolocation/INTURequestIDGenerator.h"; sourceTree = "<group>"; };
		0C6817128EA94212A5900FDA /* INTUHeadingRequest.h */ = {isa = PBXFileReference; explicitFileType = undefined; fileEncoding = 4; includeInIndex = 0; lastKnownFileType = sourcecode.c.h; name = INTUHeadingRequest.h; path = "cordova-plugin-mauron85-background-geolocation/INTUHeadingRequest.h"; sourceTree = "<group>"; };
		13752C2F449C482685BD79C8 /* ZIMSqlStatement.h */ = {isa = PBXFileReference; explicitFileType = undefined; fileEncoding = 4; includeInIndex = 0; lastKnownFileType = sourcecode.c.h; name = ZIMSqlStatement.h; path = "cordova-plugin-mauron85-background-geolocation/ZIMSqlStatement.h"; sourceTree = "<group>"; };
		137B218299644D9AAE10BD62 /* MAURActivityLocationProvider.h */ = {isa = PBXFileReference; explicitFileType = undefined; fileEncoding = 4; includeInIndex = 0; lastKnownFileType = sourcecode.c.h; name = MAURActivityLocationProvider.h; path = "cordova-plugin-mauron85-background-geolocation/MAURActivityLocationProvider.h"; sourceTree = "<group>"; };
		15557F2E11214955A854FF67 /* Diagnostic.h */ = {isa = PBXFileReference; explicitFileType = undefined; fileEncoding = 4; includeInIndex = 0; lastKnownFileType = sourcecode.c.h; name = Diagnostic.h; path = cordova.plugins.diagnostic/Diagnostic.h; sourceTree = "<group>"; };
		15A03BB909B441EE9AEC380C /* MAURPostLocationTask.h */ = {isa = PBXFileReference; explicitFileType = undefined; fileEncoding = 4; includeInIndex = 0; lastKnownFileType = sourcecode.c.h; name = MAURPostLocationTask.h; path = "cordova-plugin-mauron85-background-geolocation/MAURPostLocationTask.h"; sourceTree = "<group>"; };
		190E72ECBF7F44DFA204125E /* SOMotionActivity.m */ = {isa = PBXFileReference; explicitFileType = undefined; fileEncoding = 4; includeInIndex = 0; lastKnownFileType = sourcecode.c.objc; name = SOMotionActivity.m; path = "cordova-plugin-mauron85-background-geolocation/SOMotionActivity.m"; sourceTree = "<group>"; };
		1BE0A04807EB468C9AF636C9 /* Diagnostic_Notifications.m */ = {isa = PBXFileReference; explicitFileType = undefined; fileEncoding = 4; includeInIndex = 0; lastKnownFileType = sourcecode.c.objc; name = Diagnostic_Notifications.m; path = cordova.plugins.diagnostic/Diagnostic_Notifications.m; sourceTree = "<group>"; };
		1D3623240D0F684500981E51 /* AppDelegate.h */ = {isa = PBXFileReference; fileEncoding = 4; lastKnownFileType = sourcecode.c.h; path = AppDelegate.h; sourceTree = "<group>"; };
		1D3623250D0F684500981E51 /* AppDelegate.m */ = {isa = PBXFileReference; fileEncoding = 4; lastKnownFileType = sourcecode.c.objc; path = AppDelegate.m; sourceTree = "<group>"; };
		1D6058910D05DD3D006BFB54 /* Postsrvs.app */ = {isa = PBXFileReference; explicitFileType = wrapper.application; includeInIndex = 0; path = Postsrvs.app; sourceTree = BUILT_PRODUCTS_DIR; };
		1E4760A4943A4FC982AF436E /* MAURDistanceFilterLocationProvider.h */ = {isa = PBXFileReference; explicitFileType = undefined; fileEncoding = 4; includeInIndex = 0; lastKnownFileType = sourcecode.c.h; name = MAURDistanceFilterLocationProvider.h; path = "cordova-plugin-mauron85-background-geolocation/MAURDistanceFilterLocationProvider.h"; sourceTree = "<group>"; };
		2202D0DB68C043F28D95F83D /* SOStepDetector.h */ = {isa = PBXFileReference; explicitFileType = undefined; fileEncoding = 4; includeInIndex = 0; lastKnownFileType = sourcecode.c.h; name = SOStepDetector.h; path = "cordova-plugin-mauron85-background-geolocation/SOStepDetector.h"; sourceTree = "<group>"; };
		2636427F046647CDB74E6986 /* CDVVibration.h */ = {isa = PBXFileReference; explicitFileType = undefined; fileEncoding = 4; includeInIndex = 0; lastKnownFileType = sourcecode.c.h; name = CDVVibration.h; path = "cordova-plugin-vibration/CDVVibration.h"; sourceTree = "<group>"; };
		29B97316FDCFA39411CA2CEA /* main.m */ = {isa = PBXFileReference; fileEncoding = 4; lastKnownFileType = sourcecode.c.objc; path = main.m; sourceTree = "<group>"; };
		2AC8E53C46F54F13B662EC55 /* CDVSplashScreen.m */ = {isa = PBXFileReference; explicitFileType = undefined; fileEncoding = 4; includeInIndex = 0; lastKnownFileType = sourcecode.c.objc; name = CDVSplashScreen.m; path = "cordova-plugin-splashscreen/CDVSplashScreen.m"; sourceTree = "<group>"; };
		2B0B59EA84FE49F380A52FCE /* Diagnostic_Calendar.h */ = {isa = PBXFileReference; explicitFileType = undefined; fileEncoding = 4; includeInIndex = 0; lastKnownFileType = sourcecode.c.h; name = Diagnostic_Calendar.h; path = cordova.plugins.diagnostic/Diagnostic_Calendar.h; sourceTree = "<group>"; };
		2DE6D9874E4A4C45A657EC19 /* FMDB.h */ = {isa = PBXFileReference; explicitFileType = undefined; fileEncoding = 4; includeInIndex = 0; lastKnownFileType = sourcecode.c.h; name = FMDB.h; path = "cordova-plugin-mauron85-background-geolocation/FMDB.h"; sourceTree = "<group>"; };
		2ECD76773F8A453DA46784CC /* MAURDistanceFilterLocationProvider.m */ = {isa = PBXFileReference; explicitFileType = undefined; fileEncoding = 4; includeInIndex = 0; lastKnownFileType = sourcecode.c.objc; name = MAURDistanceFilterLocationProvider.m; path = "cordova-plugin-mauron85-background-geolocation/MAURDistanceFilterLocationProvider.m"; sourceTree = "<group>"; };
		2ED6726C91A647D99A9B214B /* UIImage+CropScaleOrientation.h */ = {isa = PBXFileReference; explicitFileType = undefined; fileEncoding = 4; includeInIndex = 0; lastKnownFileType = sourcecode.c.h; name = "UIImage+CropScaleOrientation.h"; path = "cordova-plugin-camera/UIImage+CropScaleOrientation.h"; sourceTree = "<group>"; };
		2F38820E95454E408BABC741 /* MAURSQLiteOpenHelper.h */ = {isa = PBXFileReference; explicitFileType = undefined; fileEncoding = 4; includeInIndex = 0; lastKnownFileType = sourcecode.c.h; name = MAURSQLiteOpenHelper.h; path = "cordova-plugin-mauron85-background-geolocation/MAURSQLiteOpenHelper.h"; sourceTree = "<group>"; };
		301BF52D109A57CC0062928A /* CordovaLib.xcodeproj */ = {isa = PBXFileReference; lastKnownFileType = "wrapper.pb-project"; name = CordovaLib.xcodeproj; path = CordovaLib/CordovaLib.xcodeproj; sourceTree = "<group>"; };
		301BF56E109A69640062928A /* www */ = {isa = PBXFileReference; lastKnownFileType = folder; path = www; sourceTree = SOURCE_ROOT; };
		302D95EE14D2391D003F00A1 /* MainViewController.h */ = {isa = PBXFileReference; fileEncoding = 4; lastKnownFileType = sourcecode.c.h; path = MainViewController.h; sourceTree = "<group>"; };
		302D95EF14D2391D003F00A1 /* MainViewController.m */ = {isa = PBXFileReference; fileEncoding = 4; lastKnownFileType = sourcecode.c.objc; path = MainViewController.m; sourceTree = "<group>"; };
		302D95F014D2391D003F00A1 /* MainViewController.xib */ = {isa = PBXFileReference; fileEncoding = 4; lastKnownFileType = file.xib; path = MainViewController.xib; sourceTree = "<group>"; };
		3047A50F1AB8059700498E2A /* build-debug.xcconfig */ = {isa = PBXFileReference; fileEncoding = 4; lastKnownFileType = text.xcconfig; name = "build-debug.xcconfig"; path = "cordova/build-debug.xcconfig"; sourceTree = SOURCE_ROOT; };
		3047A5101AB8059700498E2A /* build-release.xcconfig */ = {isa = PBXFileReference; fileEncoding = 4; lastKnownFileType = text.xcconfig; name = "build-release.xcconfig"; path = "cordova/build-release.xcconfig"; sourceTree = SOURCE_ROOT; };
		3047A5111AB8059700498E2A /* build.xcconfig */ = {isa = PBXFileReference; fileEncoding = 4; lastKnownFileType = text.xcconfig; name = build.xcconfig; path = cordova/build.xcconfig; sourceTree = SOURCE_ROOT; };
		311FDD4A788B4D559498EFE0 /* MAURConfig.m */ = {isa = PBXFileReference; explicitFileType = undefined; fileEncoding = 4; includeInIndex = 0; lastKnownFileType = sourcecode.c.objc; name = MAURConfig.m; path = "cordova-plugin-mauron85-background-geolocation/MAURConfig.m"; sourceTree = "<group>"; };
		32CA4F630368D1EE00C91783 /* Postsrvs-Prefix.pch */ = {isa = PBXFileReference; fileEncoding = 4; lastKnownFileType = sourcecode.c.h; path = "Postsrvs-Prefix.pch"; sourceTree = "<group>"; };
		350692A53AFB45D7A11BFED8 /* CDVJpegHeaderWriter.m */ = {isa = PBXFileReference; explicitFileType = undefined; fileEncoding = 4; includeInIndex = 0; lastKnownFileType = sourcecode.c.objc; name = CDVJpegHeaderWriter.m; path = "cordova-plugin-camera/CDVJpegHeaderWriter.m"; sourceTree = "<group>"; };
		35244B2414764B6A84E4D1D4 /* CDVLocation.h */ = {isa = PBXFileReference; explicitFileType = undefined; fileEncoding = 4; includeInIndex = 0; lastKnownFileType = sourcecode.c.h; name = CDVLocation.h; path = "cordova-plugin-geolocation/CDVLocation.h"; sourceTree = "<group>"; };
		35EA19D60E3C4C1AB1D02858 /* INTULocationRequestDefines.h */ = {isa = PBXFileReference; explicitFileType = undefined; fileEncoding = 4; includeInIndex = 0; lastKnownFileType = sourcecode.c.h; name = INTULocationRequestDefines.h; path = "cordova-plugin-mauron85-background-geolocation/INTULocationRequestDefines.h"; sourceTree = "<group>"; };
		38792B50A22F4BC9AE4AA5D6 /* CDVInAppBrowser.m */ = {isa = PBXFileReference; explicitFileType = undefined; fileEncoding = 4; includeInIndex = 0; lastKnownFileType = sourcecode.c.objc; name = CDVInAppBrowser.m; path = "cordova-plugin-inappbrowser/CDVInAppBrowser.m"; sourceTree = "<group>"; };
		38FB92CCF40A4737B1199121 /* SystemConfiguration.framework */ = {isa = PBXFileReference; explicitFileType = undefined; fileEncoding = 9; includeInIndex = 0; lastKnownFileType = wrapper.framework; name = SystemConfiguration.framework; path = System/Library/Frameworks/SystemConfiguration.framework; sourceTree = SDKROOT; };
		39235B887EF448D1865D2948 /* Diagnostic_Location.h */ = {isa = PBXFileReference; explicitFileType = undefined; fileEncoding = 4; includeInIndex = 0; lastKnownFileType = sourcecode.c.h; name = Diagnostic_Location.h; path = cordova.plugins.diagnostic/Diagnostic_Location.h; sourceTree = "<group>"; };
		3B9513DA7A7146F6A89D977E /* Diagnostic_Bluetooth.h */ = {isa = PBXFileReference; explicitFileType = undefined; fileEncoding = 4; includeInIndex = 0; lastKnownFileType = sourcecode.c.h; name = Diagnostic_Bluetooth.h; path = cordova.plugins.diagnostic/Diagnostic_Bluetooth.h; sourceTree = "<group>"; };
		3CEF6B91C39B4686A23B64D1 /* INTULocationManager.h */ = {isa = PBXFileReference; explicitFileType = undefined; fileEncoding = 4; includeInIndex = 0; lastKnownFileType = sourcecode.c.h; name = INTULocationManager.h; path = "cordova-plugin-mauron85-background-geolocation/INTULocationManager.h"; sourceTree = "<group>"; };
		3F600670641C4BC0AD045C6B /* ZIMSqlExpression.h */ = {isa = PBXFileReference; explicitFileType = undefined; fileEncoding = 4; includeInIndex = 0; lastKnownFileType = sourcecode.c.h; name = ZIMSqlExpression.h; path = "cordova-plugin-mauron85-background-geolocation/ZIMSqlExpression.h"; sourceTree = "<group>"; };
		3FCE2369758043578A7FCE6E /* CDVSplashScreen.h */ = {isa = PBXFileReference; explicitFileType = undefined; fileEncoding = 4; includeInIndex = 0; lastKnownFileType = sourcecode.c.h; name = CDVSplashScreen.h; path = "cordova-plugin-splashscreen/CDVSplashScreen.h"; sourceTree = "<group>"; };
		3FE9CC66AB0A45C58B348001 /* Diagnostic_Notifications.h */ = {isa = PBXFileReference; explicitFileType = undefined; fileEncoding = 4; includeInIndex = 0; lastKnownFileType = sourcecode.c.h; name = Diagnostic_Notifications.h; path = cordova.plugins.diagnostic/Diagnostic_Notifications.h; sourceTree = "<group>"; };
		41AF3085E3DB4DCAA6AE2CE1 /* CDVCamera.h */ = {isa = PBXFileReference; explicitFileType = undefined; fileEncoding = 4; includeInIndex = 0; lastKnownFileType = sourcecode.c.h; name = CDVCamera.h; path = "cordova-plugin-camera/CDVCamera.h"; sourceTree = "<group>"; };
		4598C1E6A65E4E6B852417FB /* Diagnostic_Wifi.m */ = {isa = PBXFileReference; explicitFileType = undefined; fileEncoding = 4; includeInIndex = 0; lastKnownFileType = sourcecode.c.objc; name = Diagnostic_Wifi.m; path = cordova.plugins.diagnostic/Diagnostic_Wifi.m; sourceTree = "<group>"; };
		479893BD298F49E69D41C1C5 /* NSString+ZIMString.h */ = {isa = PBXFileReference; explicitFileType = undefined; fileEncoding = 4; includeInIndex = 0; lastKnownFileType = sourcecode.c.h; name = "NSString+ZIMString.h"; path = "cordova-plugin-mauron85-background-geolocation/NSString+ZIMString.h"; sourceTree = "<group>"; };
		47C7E8F6ED704098AB1D319A /* MAURAbstractLocationProvider.h */ = {isa = PBXFileReference; explicitFileType = undefined; fileEncoding = 4; includeInIndex = 0; lastKnownFileType = sourcecode.c.h; name = MAURAbstractLocationProvider.h; path = "cordova-plugin-mauron85-background-geolocation/MAURAbstractLocationProvider.h"; sourceTree = "<group>"; };
		4888F50E3D6E439BAC89574A /* libsqlite3.dylib */ = {isa = PBXFileReference; explicitFileType = undefined; fileEncoding = 9; includeInIndex = 0; lastKnownFileType = "compiled.mach-o.dylib"; name = libsqlite3.dylib; path = usr/lib/libsqlite3.dylib; sourceTree = SDKROOT; };
		4A8C704CF2A44F1A8F98229B /* INTULocationRequest.m */ = {isa = PBXFileReference; explicitFileType = undefined; fileEncoding = 4; includeInIndex = 0; lastKnownFileType = sourcecode.c.objc; name = INTULocationRequest.m; path = "cordova-plugin-mauron85-background-geolocation/INTULocationRequest.m"; sourceTree = "<group>"; };
		4B9042C4BA7646B89C24CCDA /* CDVWKProcessPoolFactory.m */ = {isa = PBXFileReference; explicitFileType = undefined; fileEncoding = 4; includeInIndex = 0; lastKnownFileType = sourcecode.c.objc; name = CDVWKProcessPoolFactory.m; path = "cordova-plugin-ionic-webview/CDVWKProcessPoolFactory.m"; sourceTree = "<group>"; };
		4D3E2B2222C441C99FD14F64 /* SOMotionActivity.h */ = {isa = PBXFileReference; explicitFileType = undefined; fileEncoding = 4; includeInIndex = 0; lastKnownFileType = sourcecode.c.h; name = SOMotionActivity.h; path = "cordova-plugin-mauron85-background-geolocation/SOMotionActivity.h"; sourceTree = "<group>"; };
		50135E5A31B845E19C2AB713 /* Diagnostic_Bluetooth.m */ = {isa = PBXFileReference; explicitFileType = undefined; fileEncoding = 4; includeInIndex = 0; lastKnownFileType = sourcecode.c.objc; name = Diagnostic_Bluetooth.m; path = cordova.plugins.diagnostic/Diagnostic_Bluetooth.m; sourceTree = "<group>"; };
		51705FA2598B415EAA9A8CFC /* Diagnostic_Contacts.m */ = {isa = PBXFileReference; explicitFileType = undefined; fileEncoding = 4; includeInIndex = 0; lastKnownFileType = sourcecode.c.objc; name = Diagnostic_Contacts.m; path = cordova.plugins.diagnostic/Diagnostic_Contacts.m; sourceTree = "<group>"; };
		517AD186C6F946E582C0A94D /* AddressBook.framework */ = {isa = PBXFileReference; explicitFileType = undefined; fileEncoding = 9; includeInIndex = 0; lastKnownFileType = wrapper.framework; name = AddressBook.framework; path = System/Library/Frameworks/AddressBook.framework; sourceTree = SDKROOT; };
		531A6F756EAE4FC7AEBDE775 /* CDVDevice.m */ = {isa = PBXFileReference; explicitFileType = undefined; fileEncoding = 4; includeInIndex = 0; lastKnownFileType = sourcecode.c.objc; name = CDVDevice.m; path = "cordova-plugin-device/CDVDevice.m"; sourceTree = "<group>"; };
		532AE03540AF44EA90B18894 /* MAURAbstractLocationProvider.m */ = {isa = PBXFileReference; explicitFileType = undefined; fileEncoding = 4; includeInIndex = 0; lastKnownFileType = sourcecode.c.objc; name = MAURAbstractLocationProvider.m; path = "cordova-plugin-mauron85-background-geolocation/MAURAbstractLocationProvider.m"; sourceTree = "<group>"; };
		532E4411BE7140B58B437414 /* CocoaLumberjack.h */ = {isa = PBXFileReference; explicitFileType = undefined; fileEncoding = 4; includeInIndex = 0; lastKnownFileType = sourcecode.c.h; name = CocoaLumberjack.h; path = "cordova-plugin-mauron85-background-geolocation/CocoaLumberjack.h"; sourceTree = "<group>"; };
		55A65A0041F44D5EAC5A4B76 /* MAURBackgroundGeolocationFacade.h */ = {isa = PBXFileReference; explicitFileType = undefined; fileEncoding = 4; includeInIndex = 0; lastKnownFileType = sourcecode.c.h; name = MAURBackgroundGeolocationFacade.h; path = "cordova-plugin-mauron85-background-geolocation/MAURBackgroundGeolocationFacade.h"; sourceTree = "<group>"; };
		57170182EAE94673A532CD23 /* IONAssetHandler.m */ = {isa = PBXFileReference; explicitFileType = undefined; fileEncoding = 4; includeInIndex = 0; lastKnownFileType = sourcecode.c.objc; name = IONAssetHandler.m; path = "cordova-plugin-ionic-webview/IONAssetHandler.m"; sourceTree = "<group>"; };
		57473D2654964F1C9DF02070 /* MAURLogReader.h */ = {isa = PBXFileReference; explicitFileType = undefined; fileEncoding = 4; includeInIndex = 0; lastKnownFileType = sourcecode.c.h; name = MAURLogReader.h; path = "cordova-plugin-mauron85-background-geolocation/MAURLogReader.h"; sourceTree = "<group>"; };
		58853D58B70F4867B3C79FB8 /* CoreBluetooth.framework */ = {isa = PBXFileReference; explicitFileType = undefined; fileEncoding = 9; includeInIndex = 0; lastKnownFileType = wrapper.framework; name = CoreBluetooth.framework; path = System/Library/Frameworks/CoreBluetooth.framework; sourceTree = SDKROOT; };
		5A180A26A89D447097721CA6 /* IONAssetHandler.h */ = {isa = PBXFileReference; explicitFileType = undefined; fileEncoding = 4; includeInIndex = 0; lastKnownFileType = sourcecode.c.h; name = IONAssetHandler.h; path = "cordova-plugin-ionic-webview/IONAssetHandler.h"; sourceTree = "<group>"; };
		5B7C090CD20F4A2A95E23E20 /* Reachability.h */ = {isa = PBXFileReference; explicitFileType = undefined; fileEncoding = 4; includeInIndex = 0; lastKnownFileType = sourcecode.c.h; name = Reachability.h; path = "cordova-plugin-mauron85-background-geolocation/Reachability.h"; sourceTree = "<group>"; };
		5E168E8602734A4EA1EFEF45 /* MAURBackgroundGeolocationFacade.m */ = {isa = PBXFileReference; explicitFileType = undefined; fileEncoding = 4; includeInIndex = 0; lastKnownFileType = sourcecode.c.objc; name = MAURBackgroundGeolocationFacade.m; path = "cordova-plugin-mauron85-background-geolocation/MAURBackgroundGeolocationFacade.m"; sourceTree = "<group>"; };
		5F958109FD624283AA78BF0A /* Diagnostic_Contacts.h */ = {isa = PBXFileReference; explicitFileType = undefined; fileEncoding = 4; includeInIndex = 0; lastKnownFileType = sourcecode.c.h; name = Diagnostic_Contacts.h; path = cordova.plugins.diagnostic/Diagnostic_Contacts.h; sourceTree = "<group>"; };
		62E8E3223ABA435A8CB565F4 /* Diagnostic_Microphone.m */ = {isa = PBXFileReference; explicitFileType = undefined; fileEncoding = 4; includeInIndex = 0; lastKnownFileType = sourcecode.c.objc; name = Diagnostic_Microphone.m; path = cordova.plugins.diagnostic/Diagnostic_Microphone.m; sourceTree = "<group>"; };
		63322461319D4D42A9160AE4 /* MAURLogging.h */ = {isa = PBXFileReference; explicitFileType = undefined; fileEncoding = 4; includeInIndex = 0; lastKnownFileType = sourcecode.c.h; name = MAURLogging.h; path = "cordova-plugin-mauron85-background-geolocation/MAURLogging.h"; sourceTree = "<group>"; };
		6ADDFD0086E94553B1BE97BD /* CDVUniqueDeviceID.h */ = {isa = PBXFileReference; explicitFileType = undefined; fileEncoding = 4; includeInIndex = 0; lastKnownFileType = sourcecode.c.h; name = CDVUniqueDeviceID.h; path = "cordova-plugin-uniquedeviceid/CDVUniqueDeviceID.h"; sourceTree = "<group>"; };
		6AFF5BF81D6E424B00AB3073 /* CDVLaunchScreen.storyboard */ = {isa = PBXFileReference; fileEncoding = 4; lastKnownFileType = file.storyboard; name = CDVLaunchScreen.storyboard; path = Postsrvs/CDVLaunchScreen.storyboard; sourceTree = SOURCE_ROOT; };
		6CEE3299FFCB4142BDC575DA /* ZIMSqlSelectStatement.m */ = {isa = PBXFileReference; explicitFileType = undefined; fileEncoding = 4; includeInIndex = 0; lastKnownFileType = sourcecode.c.objc; name = ZIMSqlSelectStatement.m; path = "cordova-plugin-mauron85-background-geolocation/ZIMSqlSelectStatement.m"; sourceTree = "<group>"; };
		6E74A3C3712B41D4987E8EDB /* MAURBackgroundTaskManager.h */ = {isa = PBXFileReference; explicitFileType = undefined; fileEncoding = 4; includeInIndex = 0; lastKnownFileType = sourcecode.c.h; name = MAURBackgroundTaskManager.h; path = "cordova-plugin-mauron85-background-geolocation/MAURBackgroundTaskManager.h"; sourceTree = "<group>"; };
		6EC45DBA327A44ACAB89B923 /* MAURLogReader.m */ = {isa = PBXFileReference; explicitFileType = undefined; fileEncoding = 4; includeInIndex = 0; lastKnownFileType = sourcecode.c.objc; name = MAURLogReader.m; path = "cordova-plugin-mauron85-background-geolocation/MAURLogReader.m"; sourceTree = "<group>"; };
		745403DEFB6A4E3B9050CA5A /* MAURSQLiteHelper.h */ = {isa = PBXFileReference; explicitFileType = undefined; fileEncoding = 4; includeInIndex = 0; lastKnownFileType = sourcecode.c.h; name = MAURSQLiteHelper.h; path = "cordova-plugin-mauron85-background-geolocation/MAURSQLiteHelper.h"; sourceTree = "<group>"; };
		773E54620FC74D229FDF59D9 /* Photos.framework */ = {isa = PBXFileReference; explicitFileType = undefined; fileEncoding = 9; includeInIndex = 0; lastKnownFileType = wrapper.framework; name = Photos.framework; path = System/Library/Frameworks/Photos.framework; sourceTree = SDKROOT; };
		77A095B95BCF4B90B4C40C65 /* CDVWKWebViewUIDelegate.m */ = {isa = PBXFileReference; explicitFileType = undefined; fileEncoding = 4; includeInIndex = 0; lastKnownFileType = sourcecode.c.objc; name = CDVWKWebViewUIDelegate.m; path = "cordova-plugin-ionic-webview/CDVWKWebViewUIDelegate.m"; sourceTree = "<group>"; };
		784CC49543804C399F08743C /* CDVJpegHeaderWriter.h */ = {isa = PBXFileReference; explicitFileType = undefined; fileEncoding = 4; includeInIndex = 0; lastKnownFileType = sourcecode.c.h; name = CDVJpegHeaderWriter.h; path = "cordova-plugin-camera/CDVJpegHeaderWriter.h"; sourceTree = "<group>"; };
		78C9E58F232B4F0FA49575E1 /* MAURUncaughtExceptionLogger.h */ = {isa = PBXFileReference; explicitFileType = undefined; fileEncoding = 4; includeInIndex = 0; lastKnownFileType = sourcecode.c.h; name = MAURUncaughtExceptionLogger.h; path = "cordova-plugin-mauron85-background-geolocation/MAURUncaughtExceptionLogger.h"; sourceTree = "<group>"; };
		7C5EE43A351B40D7AF7D6944 /* MAURSQLiteHelper.m */ = {isa = PBXFileReference; explicitFileType = undefined; fileEncoding = 4; includeInIndex = 0; lastKnownFileType = sourcecode.c.objc; name = MAURSQLiteHelper.m; path = "cordova-plugin-mauron85-background-geolocation/MAURSQLiteHelper.m"; sourceTree = "<group>"; };
		7FE99989FA3C4B82B83A8075 /* CDVViewController+SplashScreen.h */ = {isa = PBXFileReference; explicitFileType = undefined; fileEncoding = 4; includeInIndex = 0; lastKnownFileType = sourcecode.c.h; name = "CDVViewController+SplashScreen.h"; path = "cordova-plugin-splashscreen/CDVViewController+SplashScreen.h"; sourceTree = "<group>"; };
		815323C8D5A5458595AF70F4 /* MAURSQLiteLocationDAO.h */ = {isa = PBXFileReference; explicitFileType = undefined; fileEncoding = 4; includeInIndex = 0; lastKnownFileType = sourcecode.c.h; name = MAURSQLiteLocationDAO.h; path = "cordova-plugin-mauron85-background-geolocation/MAURSQLiteLocationDAO.h"; sourceTree = "<group>"; };
		8377EDF8353343EEBBF240E5 /* INTUHeadingRequest.m */ = {isa = PBXFileReference; explicitFileType = undefined; fileEncoding = 4; includeInIndex = 0; lastKnownFileType = sourcecode.c.objc; name = INTUHeadingRequest.m; path = "cordova-plugin-mauron85-background-geolocation/INTUHeadingRequest.m"; sourceTree = "<group>"; };
		8392DF149CEE4DB3BB03A4DC /* MAURUncaughtExceptionLogger.m */ = {isa = PBXFileReference; explicitFileType = undefined; fileEncoding = 4; includeInIndex = 0; lastKnownFileType = sourcecode.c.objc; name = MAURUncaughtExceptionLogger.m; path = "cordova-plugin-mauron85-background-geolocation/MAURUncaughtExceptionLogger.m"; sourceTree = "<group>"; };
		83A72D4C207F491E8502B019 /* MAURPostLocationTask.m */ = {isa = PBXFileReference; explicitFileType = undefined; fileEncoding = 4; includeInIndex = 0; lastKnownFileType = sourcecode.c.objc; name = MAURPostLocationTask.m; path = "cordova-plugin-mauron85-background-geolocation/MAURPostLocationTask.m"; sourceTree = "<group>"; };
		83FEA449B66740089E943FDE /* INTULocationManager+Internal.h */ = {isa = PBXFileReference; explicitFileType = undefined; fileEncoding = 4; includeInIndex = 0; lastKnownFileType = sourcecode.c.h; name = "INTULocationManager+Internal.h"; path = "cordova-plugin-mauron85-background-geolocation/INTULocationManager+Internal.h"; sourceTree = "<group>"; };
		840A3EE564194368AF36C8E0 /* AudioToolbox.framework */ = {isa = PBXFileReference; explicitFileType = undefined; fileEncoding = 9; includeInIndex = 0; lastKnownFileType = wrapper.framework; name = AudioToolbox.framework; path = System/Library/Frameworks/AudioToolbox.framework; sourceTree = SDKROOT; };
		844064347B9747D5BA86206A /* CDVBackgroundGeolocation.m */ = {isa = PBXFileReference; explicitFileType = undefined; fileEncoding = 4; includeInIndex = 0; lastKnownFileType = sourcecode.c.objc; name = CDVBackgroundGeolocation.m; path = "cordova-plugin-mauron85-background-geolocation/CDVBackgroundGeolocation.m"; sourceTree = "<group>"; };
		855648662EDD412CB059BFDA /* ImageIO.framework */ = {isa = PBXFileReference; explicitFileType = undefined; fileEncoding = 9; includeInIndex = 0; lastKnownFileType = wrapper.framework; name = ImageIO.framework; path = System/Library/Frameworks/ImageIO.framework; sourceTree = SDKROOT; };
		85EC4F9398C34E15A5B799A3 /* CDVIonicKeyboard.m */ = {isa = PBXFileReference; explicitFileType = undefined; fileEncoding = 4; includeInIndex = 0; lastKnownFileType = sourcecode.c.objc; name = CDVIonicKeyboard.m; path = "cordova-plugin-ionic-keyboard/CDVIonicKeyboard.m"; sourceTree = "<group>"; };
		86830B64B1CF468F899896E0 /* scannerOverlay.xib */ = {isa = PBXFileReference; explicitFileType = undefined; fileEncoding = 9; includeInIndex = 0; lastKnownFileType = file.xib; path = scannerOverlay.xib; sourceTree = "<group>"; };
		883F655C7A91451888BE7779 /* CDVUniqueDeviceID.m */ = {isa = PBXFileReference; explicitFileType = undefined; fileEncoding = 4; includeInIndex = 0; lastKnownFileType = sourcecode.c.objc; name = CDVUniqueDeviceID.m; path = "cordova-plugin-uniquedeviceid/CDVUniqueDeviceID.m"; sourceTree = "<group>"; };
		8910BFD825424D5D8BBB2C9F /* INTULocationManager.m */ = {isa = PBXFileReference; explicitFileType = undefined; fileEncoding = 4; includeInIndex = 0; lastKnownFileType = sourcecode.c.objc; name = INTULocationManager.m; path = "cordova-plugin-mauron85-background-geolocation/INTULocationManager.m"; sourceTree = "<group>"; };
		8B872331CE0446D6AF6E73EE /* MAURSQLiteLocationDAO.m */ = {isa = PBXFileReference; explicitFileType = undefined; fileEncoding = 4; includeInIndex = 0; lastKnownFileType = sourcecode.c.objc; name = MAURSQLiteLocationDAO.m; path = "cordova-plugin-mauron85-background-geolocation/MAURSQLiteLocationDAO.m"; sourceTree = "<group>"; };
		8BDBABF119C04E48BB9F1646 /* MAURConfigurationContract.m */ = {isa = PBXFileReference; explicitFileType = undefined; fileEncoding = 4; includeInIndex = 0; lastKnownFileType = sourcecode.c.objc; name = MAURConfigurationContract.m; path = "cordova-plugin-mauron85-background-geolocation/MAURConfigurationContract.m"; sourceTree = "<group>"; };
		8D1107310486CEB800E47090 /* Postsrvs-Info.plist */ = {isa = PBXFileReference; fileEncoding = 4; lastKnownFileType = text.plist.xml; name = "Postsrvs-Info.plist"; path = "Postsrvs/Postsrvs-Info.plist"; plistStructureDefinitionIdentifier = "com.apple.xcode.plist.structure-definition.iphone.info-plist"; sourceTree = SOURCE_ROOT; };
		8FE1DFCD6E1C43148F9BD86D /* Diagnostic_Location.m */ = {isa = PBXFileReference; explicitFileType = undefined; fileEncoding = 4; includeInIndex = 0; lastKnownFileType = sourcecode.c.objc; name = Diagnostic_Location.m; path = cordova.plugins.diagnostic/Diagnostic_Location.m; sourceTree = "<group>"; };
		91F204BB9C884B2491F04739 /* Diagnostic_Reminders.h */ = {isa = PBXFileReference; explicitFileType = undefined; fileEncoding = 4; includeInIndex = 0; lastKnownFileType = sourcecode.c.h; name = Diagnostic_Reminders.h; path = cordova.plugins.diagnostic/Diagnostic_Reminders.h; sourceTree = "<group>"; };
		94EDFCC452A9461EB83A71A8 /* MAURConfigurationContract.h */ = {isa = PBXFileReference; explicitFileType = undefined; fileEncoding = 4; includeInIndex = 0; lastKnownFileType = sourcecode.c.h; name = MAURConfigurationContract.h; path = "cordova-plugin-mauron85-background-geolocation/MAURConfigurationContract.h"; sourceTree = "<group>"; };
		9503EFC573164E56B7782CF6 /* CDVBarcodeScanner.bundle */ = {isa = PBXFileReference; explicitFileType = undefined; fileEncoding = 9; includeInIndex = 0; lastKnownFileType = "wrapper.plug-in"; path = CDVBarcodeScanner.bundle; sourceTree = "<group>"; };
		99C15C79AE47458192C35016 /* MAURLocationManager.h */ = {isa = PBXFileReference; explicitFileType = undefined; fileEncoding = 4; includeInIndex = 0; lastKnownFileType = sourcecode.c.h; name = MAURLocationManager.h; path = "cordova-plugin-mauron85-background-geolocation/MAURLocationManager.h"; sourceTree = "<group>"; };
		9A1A13D4A8D5487DAB6923E9 /* CoreLocation.framework */ = {isa = PBXFileReference; explicitFileType = undefined; fileEncoding = 9; includeInIndex = 0; lastKnownFileType = wrapper.framework; name = CoreLocation.framework; path = System/Library/Frameworks/CoreLocation.framework; sourceTree = SDKROOT; };
		9A777E9DAEEC4772BA000B31 /* Diagnostic_Calendar.m */ = {isa = PBXFileReference; explicitFileType = undefined; fileEncoding = 4; includeInIndex = 0; lastKnownFileType = sourcecode.c.objc; name = Diagnostic_Calendar.m; path = cordova.plugins.diagnostic/Diagnostic_Calendar.m; sourceTree = "<group>"; };
		9AE902EDE9DC4FEC8E45FE37 /* Diagnostic_Wifi.h */ = {isa = PBXFileReference; explicitFileType = undefined; fileEncoding = 4; includeInIndex = 0; lastKnownFileType = sourcecode.c.h; name = Diagnostic_Wifi.h; path = cordova.plugins.diagnostic/Diagnostic_Wifi.h; sourceTree = "<group>"; };
		9CF0CCE906BD4E61A002F479 /* MAURLocation.h */ = {isa = PBXFileReference; explicitFileType = undefined; fileEncoding = 4; includeInIndex = 0; lastKnownFileType = sourcecode.c.h; name = MAURLocation.h; path = "cordova-plugin-mauron85-background-geolocation/MAURLocation.h"; sourceTree = "<group>"; };
		A0835631B9BC49D3894813EB /* MAURSQLiteConfigurationDAO.h */ = {isa = PBXFileReference; explicitFileType = undefined; fileEncoding = 4; includeInIndex = 0; lastKnownFileType = sourcecode.c.h; name = MAURSQLiteConfigurationDAO.h; path = "cordova-plugin-mauron85-background-geolocation/MAURSQLiteConfigurationDAO.h"; sourceTree = "<group>"; };
		A0CC8AE539AE4A3CBC374FE0 /* FMDBLogger.m */ = {isa = PBXFileReference; explicitFileType = undefined; fileEncoding = 4; includeInIndex = 0; lastKnownFileType = sourcecode.c.objc; name = FMDBLogger.m; path = "cordova-plugin-mauron85-background-geolocation/FMDBLogger.m"; sourceTree = "<group>"; };
		A360605294FF44D0BD12888B /* CocoaLumberjack.m */ = {isa = PBXFileReference; explicitFileType = undefined; fileEncoding = 4; includeInIndex = 0; lastKnownFileType = sourcecode.c.objc; name = CocoaLumberjack.m; path = "cordova-plugin-mauron85-background-geolocation/CocoaLumberjack.m"; sourceTree = "<group>"; };
		A54E47A6746D47DEABE4CF46 /* MAURLocationContract.h */ = {isa = PBXFileReference; explicitFileType = undefined; fileEncoding = 4; includeInIndex = 0; lastKnownFileType = sourcecode.c.h; name = MAURLocationContract.h; path = "cordova-plugin-mauron85-background-geolocation/MAURLocationContract.h"; sourceTree = "<group>"; };
		A5A9024BCB654183804D7383 /* MAURActivity.h */ = {isa = PBXFileReference; explicitFileType = undefined; fileEncoding = 4; includeInIndex = 0; lastKnownFileType = sourcecode.c.h; name = MAURActivity.h; path = "cordova-plugin-mauron85-background-geolocation/MAURActivity.h"; sourceTree = "<group>"; };
		A644794B8236487CB0A9F4F6 /* AVFoundation.framework */ = {isa = PBXFileReference; explicitFileType = undefined; fileEncoding = 9; includeInIndex = 0; lastKnownFileType = wrapper.framework; name = AVFoundation.framework; path = System/Library/Frameworks/AVFoundation.framework; sourceTree = SDKROOT; };
		A6916E0B480B4B9283F6BDD8 /* CDVExif.h */ = {isa = PBXFileReference; explicitFileType = undefined; fileEncoding = 4; includeInIndex = 0; lastKnownFileType = sourcecode.c.h; name = CDVExif.h; path = "cordova-plugin-camera/CDVExif.h"; sourceTree = "<group>"; };
		A6C496F6FF7E4102B6B7F555 /* Diagnostic_Reminders.m */ = {isa = PBXFileReference; explicitFileType = undefined; fileEncoding = 4; includeInIndex = 0; lastKnownFileType = sourcecode.c.objc; name = Diagnostic_Reminders.m; path = cordova.plugins.diagnostic/Diagnostic_Reminders.m; sourceTree = "<group>"; };
		A9CAE9541277410D9E0DA46E /* CDVViewController+SplashScreen.m */ = {isa = PBXFileReference; explicitFileType = undefined; fileEncoding = 4; includeInIndex = 0; lastKnownFileType = sourcecode.c.objc; name = "CDVViewController+SplashScreen.m"; path = "cordova-plugin-splashscreen/CDVViewController+SplashScreen.m"; sourceTree = "<group>"; };
		AA8E70EBB1384232AAA15B89 /* MAURBackgroundSync.h */ = {isa = PBXFileReference; explicitFileType = undefined; fileEncoding = 4; includeInIndex = 0; lastKnownFileType = sourcecode.c.h; name = MAURBackgroundSync.h; path = "cordova-plugin-mauron85-background-geolocation/MAURBackgroundSync.h"; sourceTree = "<group>"; };
		AC54CDCB822F466FAF3884FC /* INTULocationRequest.h */ = {isa = PBXFileReference; explicitFileType = undefined; fileEncoding = 4; includeInIndex = 0; lastKnownFileType = sourcecode.c.h; name = INTULocationRequest.h; path = "cordova-plugin-mauron85-background-geolocation/INTULocationRequest.h"; sourceTree = "<group>"; };
		ACF02840A26B4A5C9CE5B29D /* INTURequestIDGenerator.m */ = {isa = PBXFileReference; explicitFileType = undefined; fileEncoding = 4; includeInIndex = 0; lastKnownFileType = sourcecode.c.objc; name = INTURequestIDGenerator.m; path = "cordova-plugin-mauron85-background-geolocation/INTURequestIDGenerator.m"; sourceTree = "<group>"; };
		AD210D43EC4E48FC9292B364 /* SOMotionDetector.h */ = {isa = PBXFileReference; explicitFileType = undefined; fileEncoding = 4; includeInIndex = 0; lastKnownFileType = sourcecode.c.h; name = SOMotionDetector.h; path = "cordova-plugin-mauron85-background-geolocation/SOMotionDetector.h"; sourceTree = "<group>"; };
		AD66E99EA4A340499064C173 /* MAURConfig.h */ = {isa = PBXFileReference; explicitFileType = undefined; fileEncoding = 4; includeInIndex = 0; lastKnownFileType = sourcecode.c.h; name = MAURConfig.h; path = "cordova-plugin-mauron85-background-geolocation/MAURConfig.h"; sourceTree = "<group>"; };
		AE9FD3C447254937950C6589 /* WebKit.framework */ = {isa = PBXFileReference; explicitFileType = undefined; fileEncoding = 9; includeInIndex = 0; lastKnownFileType = wrapper.framework; name = WebKit.framework; path = System/Library/Frameworks/WebKit.framework; sourceTree = SDKROOT; };
		B01A6F8A1E23403AAB89EE46 /* MAURGeolocationOpenHelper.h */ = {isa = PBXFileReference; explicitFileType = undefined; fileEncoding = 4; includeInIndex = 0; lastKnownFileType = sourcecode.c.h; name = MAURGeolocationOpenHelper.h; path = "cordova-plugin-mauron85-background-geolocation/MAURGeolocationOpenHelper.h"; sourceTree = "<group>"; };
		B3462F5BCBE64EFFA8A37784 /* MAURBackgroundSync.m */ = {isa = PBXFileReference; explicitFileType = undefined; fileEncoding = 4; includeInIndex = 0; lastKnownFileType = sourcecode.c.objc; name = MAURBackgroundSync.m; path = "cordova-plugin-mauron85-background-geolocation/MAURBackgroundSync.m"; sourceTree = "<group>"; };
		B42BBF3C8C274E42AF6D5F05 /* UIImage+CropScaleOrientation.m */ = {isa = PBXFileReference; explicitFileType = undefined; fileEncoding = 4; includeInIndex = 0; lastKnownFileType = sourcecode.c.objc; name = "UIImage+CropScaleOrientation.m"; path = "cordova-plugin-camera/UIImage+CropScaleOrientation.m"; sourceTree = "<group>"; };
		B9639621A1824C6E933A4740 /* CDVOrientation.h */ = {isa = PBXFileReference; explicitFileType = undefined; fileEncoding = 4; includeInIndex = 0; lastKnownFileType = sourcecode.c.h; name = CDVOrientation.h; path = "cordova-plugin-screen-orientation/CDVOrientation.h"; sourceTree = "<group>"; };
		BC7D4C06E581455686A9B784 /* CDVCamera.m */ = {isa = PBXFileReference; explicitFileType = undefined; fileEncoding = 4; includeInIndex = 0; lastKnownFileType = sourcecode.c.objc; name = CDVCamera.m; path = "cordova-plugin-camera/CDVCamera.m"; sourceTree = "<group>"; };
		C06A93955E944C93B5C0B908 /* ZIMSqlSelectStatement.h */ = {isa = PBXFileReference; explicitFileType = undefined; fileEncoding = 4; includeInIndex = 0; lastKnownFileType = sourcecode.c.h; name = ZIMSqlSelectStatement.h; path = "cordova-plugin-mauron85-background-geolocation/ZIMSqlSelectStatement.h"; sourceTree = "<group>"; };
		C23417C7085946F3A7821A41 /* ZIMSqlExpression.m */ = {isa = PBXFileReference; explicitFileType = undefined; fileEncoding = 4; includeInIndex = 0; lastKnownFileType = sourcecode.c.objc; name = ZIMSqlExpression.m; path = "cordova-plugin-mauron85-background-geolocation/ZIMSqlExpression.m"; sourceTree = "<group>"; };
		C46A971DB652415A878E294E /* SOLocationManager.m */ = {isa = PBXFileReference; explicitFileType = undefined; fileEncoding = 4; includeInIndex = 0; lastKnownFileType = sourcecode.c.objc; name = SOLocationManager.m; path = "cordova-plugin-mauron85-background-geolocation/SOLocationManager.m"; sourceTree = "<group>"; };
		C7B10B107F98499DA0139F09 /* CoreMotion.framework */ = {isa = PBXFileReference; explicitFileType = undefined; fileEncoding = 9; includeInIndex = 0; lastKnownFileType = wrapper.framework; name = CoreMotion.framework; path = System/Library/Frameworks/CoreMotion.framework; sourceTree = SDKROOT; };
		C7D18906743F4E0F92E4BE59 /* FMDBLogger.h */ = {isa = PBXFileReference; explicitFileType = undefined; fileEncoding = 4; includeInIndex = 0; lastKnownFileType = sourcecode.c.h; name = FMDBLogger.h; path = "cordova-plugin-mauron85-background-geolocation/FMDBLogger.h"; sourceTree = "<group>"; };
		C8451BBD9B09400E9BF51EC5 /* CFCallNumber.m */ = {isa = PBXFileReference; explicitFileType = undefined; fileEncoding = 4; includeInIndex = 0; lastKnownFileType = sourcecode.c.objc; name = CFCallNumber.m; path = "call-number/CFCallNumber.m"; sourceTree = "<group>"; };
		C8AC16B0EBC442D98B3788DF /* Diagnostic.m */ = {isa = PBXFileReference; explicitFileType = undefined; fileEncoding = 4; includeInIndex = 0; lastKnownFileType = sourcecode.c.objc; name = Diagnostic.m; path = cordova.plugins.diagnostic/Diagnostic.m; sourceTree = "<group>"; };
		C9A68127273E41388767F570 /* EventKit.framework */ = {isa = PBXFileReference; explicitFileType = undefined; fileEncoding = 9; includeInIndex = 0; lastKnownFileType = wrapper.framework; name = EventKit.framework; path = System/Library/Frameworks/EventKit.framework; sourceTree = SDKROOT; };
		CDAFE8E9934C4747BE737897 /* SOLocationManager.h */ = {isa = PBXFileReference; explicitFileType = undefined; fileEncoding = 4; includeInIndex = 0; lastKnownFileType = sourcecode.c.h; name = SOLocationManager.h; path = "cordova-plugin-mauron85-background-geolocation/SOLocationManager.h"; sourceTree = "<group>"; };
		D1BAEFE519E14225889D7B4B /* UICKeyChainStore.h */ = {isa = PBXFileReference; explicitFileType = undefined; fileEncoding = 4; includeInIndex = 0; lastKnownFileType = sourcecode.c.h; name = UICKeyChainStore.h; path = "cordova-plugin-uniquedeviceid/UICKeyChainStore.h"; sourceTree = "<group>"; };
		D4B43577B71A46DCB9D3059E /* Security.framework */ = {isa = PBXFileReference; explicitFileType = undefined; fileEncoding = 9; includeInIndex = 0; lastKnownFileType = wrapper.framework; name = Security.framework; path = System/Library/Frameworks/Security.framework; sourceTree = SDKROOT; };
		D4F5FB740F144E29B3DB53A0 /* CDVDevice.h */ = {isa = PBXFileReference; explicitFileType = undefined; fileEncoding = 4; includeInIndex = 0; lastKnownFileType = sourcecode.c.h; name = CDVDevice.h; path = "cordova-plugin-device/CDVDevice.h"; sourceTree = "<group>"; };
		D9647D789FE943D981635637 /* CDVWKProcessPoolFactory.h */ = {isa = PBXFileReference; explicitFileType = undefined; fileEncoding = 4; includeInIndex = 0; lastKnownFileType = sourcecode.c.h; name = CDVWKProcessPoolFactory.h; path = "cordova-plugin-ionic-webview/CDVWKProcessPoolFactory.h"; sourceTree = "<group>"; };
		DEB10DD7F61D452CBCC50FFF /* CDVIonicKeyboard.h */ = {isa = PBXFileReference; explicitFileType = undefined; fileEncoding = 4; includeInIndex = 0; lastKnownFileType = sourcecode.c.h; name = CDVIonicKeyboard.h; path = "cordova-plugin-ionic-keyboard/CDVIonicKeyboard.h"; sourceTree = "<group>"; };
		E122423E9B504EA4BC627DE3 /* MAURLocation.m */ = {isa = PBXFileReference; explicitFileType = undefined; fileEncoding = 4; includeInIndex = 0; lastKnownFileType = sourcecode.c.objc; name = MAURLocation.m; path = "cordova-plugin-mauron85-background-geolocation/MAURLocation.m"; sourceTree = "<group>"; };
		E4118C2BA2214F2FB16D4145 /* Diagnostic_Motion.m */ = {isa = PBXFileReference; explicitFileType = undefined; fileEncoding = 4; includeInIndex = 0; lastKnownFileType = sourcecode.c.objc; name = Diagnostic_Motion.m; path = cordova.plugins.diagnostic/Diagnostic_Motion.m; sourceTree = "<group>"; };
		E551B221EF79414FBF49548D /* UserNotifications.framework */ = {isa = PBXFileReference; explicitFileType = undefined; fileEncoding = 9; includeInIndex = 0; lastKnownFileType = wrapper.framework; name = UserNotifications.framework; path = System/Library/Frameworks/UserNotifications.framework; sourceTree = SDKROOT; };
		E7511DBC281445E694ECE84E /* CDVOrientation.m */ = {isa = PBXFileReference; explicitFileType = undefined; fileEncoding = 4; includeInIndex = 0; lastKnownFileType = sourcecode.c.objc; name = CDVOrientation.m; path = "cordova-plugin-screen-orientation/CDVOrientation.m"; sourceTree = "<group>"; };
		E766D1727E5A4441B6C00370 /* CDVWKWebViewEngine.m */ = {isa = PBXFileReference; explicitFileType = undefined; fileEncoding = 4; includeInIndex = 0; lastKnownFileType = sourcecode.c.objc; name = CDVWKWebViewEngine.m; path = "cordova-plugin-ionic-webview/CDVWKWebViewEngine.m"; sourceTree = "<group>"; };
		E78225A7B9F644B58FDD105A /* CDVInAppBrowser.h */ = {isa = PBXFileReference; explicitFileType = undefined; fileEncoding = 4; includeInIndex = 0; lastKnownFileType = sourcecode.c.h; name = CDVInAppBrowser.h; path = "cordova-plugin-inappbrowser/CDVInAppBrowser.h"; sourceTree = "<group>"; };
		E84C5022121F47BEB19C78C5 /* MAURRawLocationProvider.h */ = {isa = PBXFileReference; explicitFileType = undefined; fileEncoding = 4; includeInIndex = 0; lastKnownFileType = sourcecode.c.h; name = MAURRawLocationProvider.h; path = "cordova-plugin-mauron85-background-geolocation/MAURRawLocationProvider.h"; sourceTree = "<group>"; };
		EA160CA5D3834FDAAA4B716D /* UICKeyChainStore.m */ = {isa = PBXFileReference; explicitFileType = undefined; fileEncoding = 4; includeInIndex = 0; lastKnownFileType = sourcecode.c.objc; name = UICKeyChainStore.m; path = "cordova-plugin-uniquedeviceid/UICKeyChainStore.m"; sourceTree = "<group>"; };
		EA4D28C82FF843B99ED23D53 /* MAURSQLiteConfigurationDAO.m */ = {isa = PBXFileReference; explicitFileType = undefined; fileEncoding = 4; includeInIndex = 0; lastKnownFileType = sourcecode.c.objc; name = MAURSQLiteConfigurationDAO.m; path = "cordova-plugin-mauron85-background-geolocation/MAURSQLiteConfigurationDAO.m"; sourceTree = "<group>"; };
		EAEC90AF3B1844C4A715DB7F /* SOStepDetector.m */ = {isa = PBXFileReference; explicitFileType = undefined; fileEncoding = 4; includeInIndex = 0; lastKnownFileType = sourcecode.c.objc; name = SOStepDetector.m; path = "cordova-plugin-mauron85-background-geolocation/SOStepDetector.m"; sourceTree = "<group>"; };
		EB87FDF31871DA8E0020F90C /* www */ = {isa = PBXFileReference; lastKnownFileType = folder; name = www; path = ../../www; sourceTree = "<group>"; };
		EB87FDF41871DAF40020F90C /* config.xml */ = {isa = PBXFileReference; lastKnownFileType = text.xml; name = config.xml; path = ../../config.xml; sourceTree = "<group>"; };
		ED33DF2A687741AEAF9F8254 /* Bridging-Header.h */ = {isa = PBXFileReference; fileEncoding = 4; lastKnownFileType = sourcecode.c.h; path = "Bridging-Header.h"; sourceTree = "<group>"; };
		F03483EF37B04678912CEA3F /* Diagnostic_Camera.m */ = {isa = PBXFileReference; explicitFileType = undefined; fileEncoding = 4; includeInIndex = 0; lastKnownFileType = sourcecode.c.objc; name = Diagnostic_Camera.m; path = cordova.plugins.diagnostic/Diagnostic_Camera.m; sourceTree = "<group>"; };
		F0C14E89ED0C44FCA9549B02 /* CDVWKWebViewEngine.h */ = {isa = PBXFileReference; explicitFileType = undefined; fileEncoding = 4; includeInIndex = 0; lastKnownFileType = sourcecode.c.h; name = CDVWKWebViewEngine.h; path = "cordova-plugin-ionic-webview/CDVWKWebViewEngine.h"; sourceTree = "<group>"; };
		F179968D6CD74C58A5C1C962 /* CDVVibration.m */ = {isa = PBXFileReference; explicitFileType = undefined; fileEncoding = 4; includeInIndex = 0; lastKnownFileType = sourcecode.c.objc; name = CDVVibration.m; path = "cordova-plugin-vibration/CDVVibration.m"; sourceTree = "<group>"; };
		F2C2A29281F94677AE339599 /* FMDB.m */ = {isa = PBXFileReference; explicitFileType = undefined; fileEncoding = 4; includeInIndex = 0; lastKnownFileType = sourcecode.c.objc; name = FMDB.m; path = "cordova-plugin-mauron85-background-geolocation/FMDB.m"; sourceTree = "<group>"; };
		F502E5C57F014287934E01A9 /* MAURRawLocationProvider.m */ = {isa = PBXFileReference; explicitFileType = undefined; fileEncoding = 4; includeInIndex = 0; lastKnownFileType = sourcecode.c.objc; name = MAURRawLocationProvider.m; path = "cordova-plugin-mauron85-background-geolocation/MAURRawLocationProvider.m"; sourceTree = "<group>"; };
		F5EA5319933D4E329EF8B298 /* CDVStatusBar.h */ = {isa = PBXFileReference; explicitFileType = undefined; fileEncoding = 4; includeInIndex = 0; lastKnownFileType = sourcecode.c.h; name = CDVStatusBar.h; path = "cordova-plugin-statusbar/CDVStatusBar.h"; sourceTree = "<group>"; };
		F69183DED32E45A9A61DE29E /* CDVBackgroundGeolocation.h */ = {isa = PBXFileReference; explicitFileType = undefined; fileEncoding = 4; includeInIndex = 0; lastKnownFileType = sourcecode.c.h; name = CDVBackgroundGeolocation.h; path = "cordova-plugin-mauron85-background-geolocation/CDVBackgroundGeolocation.h"; sourceTree = "<group>"; };
		F6D5A57D1309451CA589F5CC /* CDVStatusBar.m */ = {isa = PBXFileReference; explicitFileType = undefined; fileEncoding = 4; includeInIndex = 0; lastKnownFileType = sourcecode.c.objc; name = CDVStatusBar.m; path = "cordova-plugin-statusbar/CDVStatusBar.m"; sourceTree = "<group>"; };
		F6FAC19BAF5C4E9BB8843B87 /* CDVLocation.m */ = {isa = PBXFileReference; explicitFileType = undefined; fileEncoding = 4; includeInIndex = 0; lastKnownFileType = sourcecode.c.objc; name = CDVLocation.m; path = "cordova-plugin-geolocation/CDVLocation.m"; sourceTree = "<group>"; };
		F840E1F0165FE0F500CFE078 /* config.xml */ = {isa = PBXFileReference; lastKnownFileType = text.xml; name = config.xml; path = Postsrvs/config.xml; sourceTree = "<group>"; };
		F95025074F6E4798AD7F9BE5 /* Reachability.m */ = {isa = PBXFileReference; explicitFileType = undefined; fileEncoding = 4; includeInIndex = 0; lastKnownFileType = sourcecode.c.objc; name = Reachability.m; path = "cordova-plugin-mauron85-background-geolocation/Reachability.m"; sourceTree = "<group>"; };
		FA3E57B6F00A43CE987413FE /* SOMotionDetector.m */ = {isa = PBXFileReference; explicitFileType = undefined; fileEncoding = 4; includeInIndex = 0; lastKnownFileType = sourcecode.c.objc; name = SOMotionDetector.m; path = "cordova-plugin-mauron85-background-geolocation/SOMotionDetector.m"; sourceTree = "<group>"; };
		FA45C06BF29D440CB30668D6 /* NSString+ZIMString.m */ = {isa = PBXFileReference; explicitFileType = undefined; fileEncoding = 4; includeInIndex = 0; lastKnownFileType = sourcecode.c.objc; name = "NSString+ZIMString.m"; path = "cordova-plugin-mauron85-background-geolocation/NSString+ZIMString.m"; sourceTree = "<group>"; };
		FB4E3FB32C59434AB0B360E3 /* Diagnostic_Camera.h */ = {isa = PBXFileReference; explicitFileType = undefined; fileEncoding = 4; includeInIndex = 0; lastKnownFileType = sourcecode.c.h; name = Diagnostic_Camera.h; path = cordova.plugins.diagnostic/Diagnostic_Camera.h; sourceTree = "<group>"; };
		FB770391C41B4A8F9B7A3619 /* CDVWKWebViewUIDelegate.h */ = {isa = PBXFileReference; explicitFileType = undefined; fileEncoding = 4; includeInIndex = 0; lastKnownFileType = sourcecode.c.h; name = CDVWKWebViewUIDelegate.h; path = "cordova-plugin-ionic-webview/CDVWKWebViewUIDelegate.h"; sourceTree = "<group>"; };
		FBD1750336E2489EA24DEA45 /* Diagnostic_Motion.h */ = {isa = PBXFileReference; explicitFileType = undefined; fileEncoding = 4; includeInIndex = 0; lastKnownFileType = sourcecode.c.h; name = Diagnostic_Motion.h; path = cordova.plugins.diagnostic/Diagnostic_Motion.h; sourceTree = "<group>"; };
/* End PBXFileReference section */

/* Begin PBXFrameworksBuildPhase section */
		1D60588F0D05DD3D006BFB54 /* Frameworks */ = {
			isa = PBXFrameworksBuildPhase;
			buildActionMask = 2147483647;
			files = (
				301BF552109A68D80062928A /* libCordova.a in Frameworks */,
				5B33782A3CE84BD08AEAC364 /* ImageIO.framework in Frameworks */,
				C9C97FB8AC97456CBD018E3E /* CoreLocation.framework in Frameworks */,
				AA005119F9FE434E9728636E /* AVFoundation.framework in Frameworks */,
				E628AB7F8E154959AFA264AF /* WebKit.framework in Frameworks */,
				8D8AA1DD8B0440439DBD27BE /* SystemConfiguration.framework in Frameworks */,
				F18BA0DADC6A419585D0BE01 /* AudioToolbox.framework in Frameworks */,
				4A9C52CF88E940DF81A8A4C6 /* libsqlite3.dylib in Frameworks */,
				23217C88C8D64767A257A1E7 /* Security.framework in Frameworks */,
				D399AF7EACEF43FA8AF50727 /* CoreBluetooth.framework in Frameworks */,
				A321C56DAFE44712B617ECDA /* Photos.framework in Frameworks */,
				8E1A3F48C1734AF6823964BB /* UserNotifications.framework in Frameworks */,
				1437346B305047C7B1C1A27C /* Contacts.framework in Frameworks */,
				1BE51D25CE28461BBE15FA01 /* AddressBook.framework in Frameworks */,
				E4DFD0ED49DA400E974E2782 /* EventKit.framework in Frameworks */,
				AA121A0D0D25499AAC3DFCBC /* CoreMotion.framework in Frameworks */,
			);
			runOnlyForDeploymentPostprocessing = 0;
		};
/* End PBXFrameworksBuildPhase section */

/* Begin PBXGroup section */
		080E96DDFE201D6D7F000001 /* Classes */ = {
			isa = PBXGroup;
			children = (
				302D95EE14D2391D003F00A1 /* MainViewController.h */,
				302D95EF14D2391D003F00A1 /* MainViewController.m */,
				302D95F014D2391D003F00A1 /* MainViewController.xib */,
				1D3623240D0F684500981E51 /* AppDelegate.h */,
				1D3623250D0F684500981E51 /* AppDelegate.m */,
			);
			name = Classes;
			path = Postsrvs/Classes;
			sourceTree = SOURCE_ROOT;
		};
		19C28FACFE9D520D11CA2CBB /* Products */ = {
			isa = PBXGroup;
			children = (
				1D6058910D05DD3D006BFB54 /* Postsrvs.app */,
			);
			name = Products;
			sourceTree = "<group>";
		};
		29B97314FDCFA39411CA2CEA /* CustomTemplate */ = {
			isa = PBXGroup;
			children = (
				EB87FDF41871DAF40020F90C /* config.xml */,
				EB87FDF31871DA8E0020F90C /* www */,
				EB87FDF11871DA420020F90C /* Staging */,
				301BF52D109A57CC0062928A /* CordovaLib.xcodeproj */,
				080E96DDFE201D6D7F000001 /* Classes */,
				307C750510C5A3420062BCA9 /* Plugins */,
				29B97315FDCFA39411CA2CEA /* Other Sources */,
				29B97317FDCFA39411CA2CEA /* Resources */,
				29B97323FDCFA39411CA2CEA /* Frameworks */,
				19C28FACFE9D520D11CA2CBB /* Products */,
			);
			name = CustomTemplate;
			sourceTree = "<group>";
		};
		29B97315FDCFA39411CA2CEA /* Other Sources */ = {
			isa = PBXGroup;
			children = (
				32CA4F630368D1EE00C91783 /* Postsrvs-Prefix.pch */,
				29B97316FDCFA39411CA2CEA /* main.m */,
				ED33DF2A687741AEAF9F8254 /* Bridging-Header.h */,
			);
			name = "Other Sources";
			path = Postsrvs;
			sourceTree = "<group>";
		};
		29B97317FDCFA39411CA2CEA /* Resources */ = {
			isa = PBXGroup;
			children = (
				0207DA571B56EA530066E2B4 /* Images.xcassets */,
				3047A50E1AB8057F00498E2A /* config */,
				8D1107310486CEB800E47090 /* Postsrvs-Info.plist */,
				6AFF5BF81D6E424B00AB3073 /* CDVLaunchScreen.storyboard */,
				86830B64B1CF468F899896E0 /* scannerOverlay.xib */,
				9503EFC573164E56B7782CF6 /* CDVBarcodeScanner.bundle */,
			);
			name = Resources;
			path = Postsrvs/Resources;
			sourceTree = "<group>";
		};
		29B97323FDCFA39411CA2CEA /* Frameworks */ = {
			isa = PBXGroup;
			children = (
				855648662EDD412CB059BFDA /* ImageIO.framework */,
				9A1A13D4A8D5487DAB6923E9 /* CoreLocation.framework */,
				A644794B8236487CB0A9F4F6 /* AVFoundation.framework */,
				AE9FD3C447254937950C6589 /* WebKit.framework */,
				38FB92CCF40A4737B1199121 /* SystemConfiguration.framework */,
				840A3EE564194368AF36C8E0 /* AudioToolbox.framework */,
				4888F50E3D6E439BAC89574A /* libsqlite3.dylib */,
				D4B43577B71A46DCB9D3059E /* Security.framework */,
				58853D58B70F4867B3C79FB8 /* CoreBluetooth.framework */,
				773E54620FC74D229FDF59D9 /* Photos.framework */,
				E551B221EF79414FBF49548D /* UserNotifications.framework */,
				0AB3F48FEA794C95995B2A05 /* Contacts.framework */,
				517AD186C6F946E582C0A94D /* AddressBook.framework */,
				C9A68127273E41388767F570 /* EventKit.framework */,
				C7B10B107F98499DA0139F09 /* CoreMotion.framework */,
			);
			name = Frameworks;
			sourceTree = "<group>";
		};
		301BF52E109A57CC0062928A /* Products */ = {
			isa = PBXGroup;
			children = (
				301BF535109A57CC0062928A /* libCordova.a */,
				907D8124214C687600058A10 /* Cordova.framework */,
			);
			name = Products;
			sourceTree = "<group>";
		};
		3047A50E1AB8057F00498E2A /* config */ = {
			isa = PBXGroup;
			children = (
				3047A50F1AB8059700498E2A /* build-debug.xcconfig */,
				3047A5101AB8059700498E2A /* build-release.xcconfig */,
				3047A5111AB8059700498E2A /* build.xcconfig */,
			);
			name = config;
			sourceTree = "<group>";
		};
		307C750510C5A3420062BCA9 /* Plugins */ = {
			isa = PBXGroup;
			children = (
				C8451BBD9B09400E9BF51EC5 /* CFCallNumber.m */,
				07264ADCD5C741CCA593A148 /* CFCallNumber.h */,
				B42BBF3C8C274E42AF6D5F05 /* UIImage+CropScaleOrientation.m */,
				BC7D4C06E581455686A9B784 /* CDVCamera.m */,
				350692A53AFB45D7A11BFED8 /* CDVJpegHeaderWriter.m */,
				2ED6726C91A647D99A9B214B /* UIImage+CropScaleOrientation.h */,
				41AF3085E3DB4DCAA6AE2CE1 /* CDVCamera.h */,
				784CC49543804C399F08743C /* CDVJpegHeaderWriter.h */,
				A6916E0B480B4B9283F6BDD8 /* CDVExif.h */,
				531A6F756EAE4FC7AEBDE775 /* CDVDevice.m */,
				D4F5FB740F144E29B3DB53A0 /* CDVDevice.h */,
				F6FAC19BAF5C4E9BB8843B87 /* CDVLocation.m */,
				35244B2414764B6A84E4D1D4 /* CDVLocation.h */,
				38792B50A22F4BC9AE4AA5D6 /* CDVInAppBrowser.m */,
				E78225A7B9F644B58FDD105A /* CDVInAppBrowser.h */,
				85EC4F9398C34E15A5B799A3 /* CDVIonicKeyboard.m */,
				DEB10DD7F61D452CBCC50FFF /* CDVIonicKeyboard.h */,
				E766D1727E5A4441B6C00370 /* CDVWKWebViewEngine.m */,
				77A095B95BCF4B90B4C40C65 /* CDVWKWebViewUIDelegate.m */,
				4B9042C4BA7646B89C24CCDA /* CDVWKProcessPoolFactory.m */,
				57170182EAE94673A532CD23 /* IONAssetHandler.m */,
				F0C14E89ED0C44FCA9549B02 /* CDVWKWebViewEngine.h */,
				FB770391C41B4A8F9B7A3619 /* CDVWKWebViewUIDelegate.h */,
				D9647D789FE943D981635637 /* CDVWKProcessPoolFactory.h */,
				5A180A26A89D447097721CA6 /* IONAssetHandler.h */,
				844064347B9747D5BA86206A /* CDVBackgroundGeolocation.m */,
				A360605294FF44D0BD12888B /* CocoaLumberjack.m */,
				F2C2A29281F94677AE339599 /* FMDB.m */,
				A0CC8AE539AE4A3CBC374FE0 /* FMDBLogger.m */,
				8377EDF8353343EEBBF240E5 /* INTUHeadingRequest.m */,
				8910BFD825424D5D8BBB2C9F /* INTULocationManager.m */,
				4A8C704CF2A44F1A8F98229B /* INTULocationRequest.m */,
				ACF02840A26B4A5C9CE5B29D /* INTURequestIDGenerator.m */,
				532AE03540AF44EA90B18894 /* MAURAbstractLocationProvider.m */,
				04881252E6D94EA48F4DC7DC /* MAURActivity.m */,
				09FE7F6D1B914771A4BA4D68 /* MAURActivityLocationProvider.m */,
				5E168E8602734A4EA1EFEF45 /* MAURBackgroundGeolocationFacade.m */,
				B3462F5BCBE64EFFA8A37784 /* MAURBackgroundSync.m */,
				02195CC4F8F84294847EB898 /* MAURBackgroundTaskManager.m */,
				311FDD4A788B4D559498EFE0 /* MAURConfig.m */,
				8BDBABF119C04E48BB9F1646 /* MAURConfigurationContract.m */,
				2ECD76773F8A453DA46784CC /* MAURDistanceFilterLocationProvider.m */,
				01474232FEF2429C890ECB93 /* MAURGeolocationOpenHelper.m */,
				E122423E9B504EA4BC627DE3 /* MAURLocation.m */,
				097EA14571DE424A96F51CA1 /* MAURLocationContract.m */,
				095DCBEB0E2F467B8BDF48C5 /* MAURLocationManager.m */,
				6EC45DBA327A44ACAB89B923 /* MAURLogReader.m */,
				83A72D4C207F491E8502B019 /* MAURPostLocationTask.m */,
				F502E5C57F014287934E01A9 /* MAURRawLocationProvider.m */,
				EA4D28C82FF843B99ED23D53 /* MAURSQLiteConfigurationDAO.m */,
				7C5EE43A351B40D7AF7D6944 /* MAURSQLiteHelper.m */,
				8B872331CE0446D6AF6E73EE /* MAURSQLiteLocationDAO.m */,
				0A3DF59170464EDE87DC4287 /* MAURSQLiteOpenHelper.m */,
				8392DF149CEE4DB3BB03A4DC /* MAURUncaughtExceptionLogger.m */,
				F95025074F6E4798AD7F9BE5 /* Reachability.m */,
				C46A971DB652415A878E294E /* SOLocationManager.m */,
				190E72ECBF7F44DFA204125E /* SOMotionActivity.m */,
				FA3E57B6F00A43CE987413FE /* SOMotionDetector.m */,
				EAEC90AF3B1844C4A715DB7F /* SOStepDetector.m */,
				FA45C06BF29D440CB30668D6 /* NSString+ZIMString.m */,
				C23417C7085946F3A7821A41 /* ZIMSqlExpression.m */,
				6CEE3299FFCB4142BDC575DA /* ZIMSqlSelectStatement.m */,
				F69183DED32E45A9A61DE29E /* CDVBackgroundGeolocation.h */,
				532E4411BE7140B58B437414 /* CocoaLumberjack.h */,
				2DE6D9874E4A4C45A657EC19 /* FMDB.h */,
				C7D18906743F4E0F92E4BE59 /* FMDBLogger.h */,
				0C6817128EA94212A5900FDA /* INTUHeadingRequest.h */,
				83FEA449B66740089E943FDE /* INTULocationManager+Internal.h */,
				3CEF6B91C39B4686A23B64D1 /* INTULocationManager.h */,
				AC54CDCB822F466FAF3884FC /* INTULocationRequest.h */,
				35EA19D60E3C4C1AB1D02858 /* INTULocationRequestDefines.h */,
				0B3120FA238641839C669013 /* INTURequestIDGenerator.h */,
				47C7E8F6ED704098AB1D319A /* MAURAbstractLocationProvider.h */,
				A5A9024BCB654183804D7383 /* MAURActivity.h */,
				137B218299644D9AAE10BD62 /* MAURActivityLocationProvider.h */,
				55A65A0041F44D5EAC5A4B76 /* MAURBackgroundGeolocationFacade.h */,
				AA8E70EBB1384232AAA15B89 /* MAURBackgroundSync.h */,
				6E74A3C3712B41D4987E8EDB /* MAURBackgroundTaskManager.h */,
				AD66E99EA4A340499064C173 /* MAURConfig.h */,
				94EDFCC452A9461EB83A71A8 /* MAURConfigurationContract.h */,
				1E4760A4943A4FC982AF436E /* MAURDistanceFilterLocationProvider.h */,
				B01A6F8A1E23403AAB89EE46 /* MAURGeolocationOpenHelper.h */,
				9CF0CCE906BD4E61A002F479 /* MAURLocation.h */,
				A54E47A6746D47DEABE4CF46 /* MAURLocationContract.h */,
				99C15C79AE47458192C35016 /* MAURLocationManager.h */,
				57473D2654964F1C9DF02070 /* MAURLogReader.h */,
				63322461319D4D42A9160AE4 /* MAURLogging.h */,
				15A03BB909B441EE9AEC380C /* MAURPostLocationTask.h */,
				068CCA4DF511429BAE696BEA /* MAURProviderDelegate.h */,
				E84C5022121F47BEB19C78C5 /* MAURRawLocationProvider.h */,
				A0835631B9BC49D3894813EB /* MAURSQLiteConfigurationDAO.h */,
				745403DEFB6A4E3B9050CA5A /* MAURSQLiteHelper.h */,
				815323C8D5A5458595AF70F4 /* MAURSQLiteLocationDAO.h */,
				2F38820E95454E408BABC741 /* MAURSQLiteOpenHelper.h */,
				78C9E58F232B4F0FA49575E1 /* MAURUncaughtExceptionLogger.h */,
				5B7C090CD20F4A2A95E23E20 /* Reachability.h */,
				CDAFE8E9934C4747BE737897 /* SOLocationManager.h */,
				4D3E2B2222C441C99FD14F64 /* SOMotionActivity.h */,
				AD210D43EC4E48FC9292B364 /* SOMotionDetector.h */,
				2202D0DB68C043F28D95F83D /* SOStepDetector.h */,
				479893BD298F49E69D41C1C5 /* NSString+ZIMString.h */,
				027B46550FE040AB8F2D881D /* ZIMSqlDataManipulationCommand.h */,
				3F600670641C4BC0AD045C6B /* ZIMSqlExpression.h */,
				C06A93955E944C93B5C0B908 /* ZIMSqlSelectStatement.h */,
				13752C2F449C482685BD79C8 /* ZIMSqlStatement.h */,
				E7511DBC281445E694ECE84E /* CDVOrientation.m */,
				B9639621A1824C6E933A4740 /* CDVOrientation.h */,
				2AC8E53C46F54F13B662EC55 /* CDVSplashScreen.m */,
				A9CAE9541277410D9E0DA46E /* CDVViewController+SplashScreen.m */,
				3FCE2369758043578A7FCE6E /* CDVSplashScreen.h */,
				7FE99989FA3C4B82B83A8075 /* CDVViewController+SplashScreen.h */,
				F6D5A57D1309451CA589F5CC /* CDVStatusBar.m */,
				F5EA5319933D4E329EF8B298 /* CDVStatusBar.h */,
				EA160CA5D3834FDAAA4B716D /* UICKeyChainStore.m */,
				883F655C7A91451888BE7779 /* CDVUniqueDeviceID.m */,
				D1BAEFE519E14225889D7B4B /* UICKeyChainStore.h */,
				6ADDFD0086E94553B1BE97BD /* CDVUniqueDeviceID.h */,
				F179968D6CD74C58A5C1C962 /* CDVVibration.m */,
				2636427F046647CDB74E6986 /* CDVVibration.h */,
				C8AC16B0EBC442D98B3788DF /* Diagnostic.m */,
				8FE1DFCD6E1C43148F9BD86D /* Diagnostic_Location.m */,
				50135E5A31B845E19C2AB713 /* Diagnostic_Bluetooth.m */,
				4598C1E6A65E4E6B852417FB /* Diagnostic_Wifi.m */,
				F03483EF37B04678912CEA3F /* Diagnostic_Camera.m */,
				1BE0A04807EB468C9AF636C9 /* Diagnostic_Notifications.m */,
				62E8E3223ABA435A8CB565F4 /* Diagnostic_Microphone.m */,
				51705FA2598B415EAA9A8CFC /* Diagnostic_Contacts.m */,
				9A777E9DAEEC4772BA000B31 /* Diagnostic_Calendar.m */,
				A6C496F6FF7E4102B6B7F555 /* Diagnostic_Reminders.m */,
				E4118C2BA2214F2FB16D4145 /* Diagnostic_Motion.m */,
				15557F2E11214955A854FF67 /* Diagnostic.h */,
				39235B887EF448D1865D2948 /* Diagnostic_Location.h */,
				3B9513DA7A7146F6A89D977E /* Diagnostic_Bluetooth.h */,
				9AE902EDE9DC4FEC8E45FE37 /* Diagnostic_Wifi.h */,
				FB4E3FB32C59434AB0B360E3 /* Diagnostic_Camera.h */,
				3FE9CC66AB0A45C58B348001 /* Diagnostic_Notifications.h */,
				002C4BD5AAD14AEEA362FE56 /* Diagnostic_Microphone.h */,
				5F958109FD624283AA78BF0A /* Diagnostic_Contacts.h */,
				2B0B59EA84FE49F380A52FCE /* Diagnostic_Calendar.h */,
				91F204BB9C884B2491F04739 /* Diagnostic_Reminders.h */,
				FBD1750336E2489EA24DEA45 /* Diagnostic_Motion.h */,
				046BBE1A241148318BF6A24B /* CDVBarcodeScanner.mm */,
			);
			name = Plugins;
			path = Postsrvs/Plugins;
			sourceTree = SOURCE_ROOT;
		};
		EB87FDF11871DA420020F90C /* Staging */ = {
			isa = PBXGroup;
			children = (
				F840E1F0165FE0F500CFE078 /* config.xml */,
				301BF56E109A69640062928A /* www */,
			);
			name = Staging;
			sourceTree = "<group>";
		};
/* End PBXGroup section */

/* Begin PBXNativeTarget section */
		1D6058900D05DD3D006BFB54 /* Postsrvs */ = {
			isa = PBXNativeTarget;
			buildConfigurationList = 1D6058960D05DD3E006BFB54 /* Build configuration list for PBXNativeTarget "Postsrvs" */;
			buildPhases = (
				304B58A110DAC018002A0835 /* Copy www directory */,
				1D60588D0D05DD3D006BFB54 /* Resources */,
				1D60588E0D05DD3D006BFB54 /* Sources */,
				1D60588F0D05DD3D006BFB54 /* Frameworks */,
			);
			buildRules = (
			);
			dependencies = (
				301BF551109A68C00062928A /* PBXTargetDependency */,
			);
			name = Postsrvs;
			productName = Postsrvs;
			productReference = 1D6058910D05DD3D006BFB54 /* Postsrvs.app */;
			productType = "com.apple.product-type.application";
		};
/* End PBXNativeTarget section */

/* Begin PBXProject section */
		29B97313FDCFA39411CA2CEA /* Project object */ = {
			isa = PBXProject;
			attributes = {
				LastUpgradeCheck = 510;
				TargetAttributes = {
					1D6058900D05DD3D006BFB54 = {
						DevelopmentTeam = GC2M858ZDN;
						ProvisioningStyle = Automatic;
					};
				};
			};
			buildConfigurationList = C01FCF4E08A954540054247B /* Build configuration list for PBXProject "Postsrvs" */;
			compatibilityVersion = "Xcode 3.2";
			developmentRegion = English;
			hasScannedForEncodings = 1;
			knownRegions = (
				English,
				en,
				Base,
			);
			mainGroup = 29B97314FDCFA39411CA2CEA /* CustomTemplate */;
			projectDirPath = "";
			projectReferences = (
				{
					ProductGroup = 301BF52E109A57CC0062928A /* Products */;
					ProjectRef = 301BF52D109A57CC0062928A /* CordovaLib.xcodeproj */;
				},
			);
			projectRoot = "";
			targets = (
				1D6058900D05DD3D006BFB54 /* Postsrvs */,
			);
		};
/* End PBXProject section */

/* Begin PBXReferenceProxy section */
		301BF535109A57CC0062928A /* libCordova.a */ = {
			isa = PBXReferenceProxy;
			fileType = archive.ar;
			path = libCordova.a;
			remoteRef = 301BF534109A57CC0062928A /* PBXContainerItemProxy */;
			sourceTree = BUILT_PRODUCTS_DIR;
		};
		907D8124214C687600058A10 /* Cordova.framework */ = {
			isa = PBXReferenceProxy;
			fileType = wrapper.framework;
			path = Cordova.framework;
			remoteRef = 907D8123214C687600058A10 /* PBXContainerItemProxy */;
			sourceTree = BUILT_PRODUCTS_DIR;
		};
/* End PBXReferenceProxy section */

/* Begin PBXResourcesBuildPhase section */
		1D60588D0D05DD3D006BFB54 /* Resources */ = {
			isa = PBXResourcesBuildPhase;
			buildActionMask = 2147483647;
			files = (
				302D95F214D2391D003F00A1 /* MainViewController.xib in Resources */,
				0207DA581B56EA530066E2B4 /* Images.xcassets in Resources */,
				6AFF5BF91D6E424B00AB3073 /* CDVLaunchScreen.storyboard in Resources */,
				A4F1C40D3790470FBF43DE02 /* scannerOverlay.xib in Resources */,
				1BBDE9A6196E4177B7B1267D /* CDVBarcodeScanner.bundle in Resources */,
			);
			runOnlyForDeploymentPostprocessing = 0;
		};
/* End PBXResourcesBuildPhase section */

/* Begin PBXShellScriptBuildPhase section */
		304B58A110DAC018002A0835 /* Copy www directory */ = {
			isa = PBXShellScriptBuildPhase;
			buildActionMask = 2147483647;
			files = (
			);
			inputPaths = (
			);
			name = "Copy www directory";
			outputPaths = (
			);
			runOnlyForDeploymentPostprocessing = 0;
			shellPath = /bin/sh;
			shellScript = "\"$SRCROOT/Postsrvs/Scripts/copy-www-build-step.sh\"";
			showEnvVarsInLog = 0;
		};
/* End PBXShellScriptBuildPhase section */

/* Begin PBXSourcesBuildPhase section */
		1D60588E0D05DD3D006BFB54 /* Sources */ = {
			isa = PBXSourcesBuildPhase;
			buildActionMask = 2147483647;
			files = (
				1D60589B0D05DD56006BFB54 /* main.m in Sources */,
				1D3623260D0F684500981E51 /* AppDelegate.m in Sources */,
				302D95F114D2391D003F00A1 /* MainViewController.m in Sources */,
				E37723E9B23D4BCB8D7A2191 /* CFCallNumber.m in Sources */,
				1D0B41E352D34FBFB4CCFA71 /* UIImage+CropScaleOrientation.m in Sources */,
				35E7409AA85B4391BCD00A61 /* CDVCamera.m in Sources */,
				EF056BF1217E493AA46EA439 /* CDVJpegHeaderWriter.m in Sources */,
				FE4FBCBD3DF54EF38D1322CA /* CDVDevice.m in Sources */,
				805AC4D812B545CCAA25ACD5 /* CDVLocation.m in Sources */,
				5E17B3E6C4AF4B1C94095ABE /* CDVInAppBrowser.m in Sources */,
				FB9E6CA8BC4449C799C2D79A /* CDVIonicKeyboard.m in Sources */,
				598178CDAC6B416A9F656D0E /* CDVWKWebViewEngine.m in Sources */,
				23C796FB247A49D38A1B55AB /* CDVWKWebViewUIDelegate.m in Sources */,
				A179782D3F3449C0B0DBBF13 /* CDVWKProcessPoolFactory.m in Sources */,
				727458B9C2A046A797FD991D /* IONAssetHandler.m in Sources */,
				CAC6E700A9864FBE97E3F7C9 /* CDVBackgroundGeolocation.m in Sources */,
				B8055AD5EE0C4B99AD27E840 /* CocoaLumberjack.m in Sources */,
				62BC028BE11F4763A2DB80C7 /* FMDB.m in Sources */,
				7B3E84A1AD2D4794B2EF4D2F /* FMDBLogger.m in Sources */,
				35BD6E4761E443AC9964DFF5 /* INTUHeadingRequest.m in Sources */,
				9F6637F20225470BBC2403D5 /* INTULocationManager.m in Sources */,
				0A7883BDBB81492682385793 /* INTULocationRequest.m in Sources */,
				61C0DD0669EA429A9D9E3FCD /* INTURequestIDGenerator.m in Sources */,
				34C1C5F25AA946AABC6BB816 /* MAURAbstractLocationProvider.m in Sources */,
				6E66282B050947A0A98D2ECD /* MAURActivity.m in Sources */,
				F5535DB92CCD44C68DF6259C /* MAURActivityLocationProvider.m in Sources */,
				A9393891A3554EA89C9C8382 /* MAURBackgroundGeolocationFacade.m in Sources */,
				40286EB288384C19A9C848D0 /* MAURBackgroundSync.m in Sources */,
				84B4F8E811904821A9372D19 /* MAURBackgroundTaskManager.m in Sources */,
				C29087639EC243A6A3C196AB /* MAURConfig.m in Sources */,
				288EC1E9ABC548EDBC836B77 /* MAURConfigurationContract.m in Sources */,
				E2FC48E5622942E39B675184 /* MAURDistanceFilterLocationProvider.m in Sources */,
				42BD8768D8B94DBEA59D1782 /* MAURGeolocationOpenHelper.m in Sources */,
				323CFFAB85F14FF8BB8D662F /* MAURLocation.m in Sources */,
				35958AD9EA6F40C8890D979F /* MAURLocationContract.m in Sources */,
				93E9F60DBC924435AD027FA0 /* MAURLocationManager.m in Sources */,
				48FCD35F5FB5484B870D14B3 /* MAURLogReader.m in Sources */,
				6C52CAAE22F4473AAF9C21E8 /* MAURPostLocationTask.m in Sources */,
				C2B796ABC6B34891AC266490 /* MAURRawLocationProvider.m in Sources */,
				F4989004B88F44CF912DC57A /* MAURSQLiteConfigurationDAO.m in Sources */,
				4CC4DCCA27BD4D1B89DA3E8B /* MAURSQLiteHelper.m in Sources */,
				01657084E8CE41BC879322BB /* MAURSQLiteLocationDAO.m in Sources */,
				4CB7DC70405645248395E333 /* MAURSQLiteOpenHelper.m in Sources */,
				2C34F6269D044ECEAE8BF9A0 /* MAURUncaughtExceptionLogger.m in Sources */,
				5581264CB47F4986BE79B4F8 /* Reachability.m in Sources */,
				BE24740CB51A4C2291156592 /* SOLocationManager.m in Sources */,
				F53AEC3EC1DE444B8FB847B1 /* SOMotionActivity.m in Sources */,
				770D27B96CEA4381AD17E1B4 /* SOMotionDetector.m in Sources */,
				E8C95C2EBDEC462B957A6AA9 /* SOStepDetector.m in Sources */,
				F50C1CC97CF44E69B8599F1F /* NSString+ZIMString.m in Sources */,
				9556680ED22740508EA38352 /* ZIMSqlExpression.m in Sources */,
				AC211CDB7F5045C18B6F8949 /* ZIMSqlSelectStatement.m in Sources */,
				B191A441EE0549B39E28559C /* CDVOrientation.m in Sources */,
				CF92C4A0E72548F2991D2374 /* CDVSplashScreen.m in Sources */,
				43DA57D2EC7C49A3B306AD01 /* CDVViewController+SplashScreen.m in Sources */,
				B5A725E00FC14B04A9FB1DF8 /* CDVStatusBar.m in Sources */,
				F5971AC9BE3A4B40A6E32E54 /* UICKeyChainStore.m in Sources */,
				638678530F8D4EC2A8896DCC /* CDVUniqueDeviceID.m in Sources */,
				7D86CC684F7A4F3090C7AC0F /* CDVVibration.m in Sources */,
				CFEDB48DEEB7466FB0DCEFA1 /* Diagnostic.m in Sources */,
				591AE05B997C4A498EBC6B3A /* Diagnostic_Location.m in Sources */,
				AF247F9E825742FFA5186F77 /* Diagnostic_Bluetooth.m in Sources */,
				11E56637693B4867A92DC260 /* Diagnostic_Wifi.m in Sources */,
				44EBB66AB9FF4EAB89B3D3DA /* Diagnostic_Camera.m in Sources */,
				18FE7D700F5F4CADB8AF59F2 /* Diagnostic_Notifications.m in Sources */,
				0DC7A5FF36B64757AF04FBB5 /* Diagnostic_Microphone.m in Sources */,
				0F6EAC12E6B24F07B0C7C694 /* Diagnostic_Contacts.m in Sources */,
				5FE033A979464C5581718011 /* Diagnostic_Calendar.m in Sources */,
				DC06057098DA4803ACFD0858 /* Diagnostic_Reminders.m in Sources */,
				76E88D8C29274D28B5F6C351 /* Diagnostic_Motion.m in Sources */,
				6FFDDAA62F994D969A94547A /* CDVBarcodeScanner.mm in Sources */,
			);
			runOnlyForDeploymentPostprocessing = 0;
		};
/* End PBXSourcesBuildPhase section */

/* Begin PBXTargetDependency section */
		301BF551109A68C00062928A /* PBXTargetDependency */ = {
			isa = PBXTargetDependency;
			name = CordovaLib;
			targetProxy = 301BF550109A68C00062928A /* PBXContainerItemProxy */;
		};
/* End PBXTargetDependency section */

/* Begin XCBuildConfiguration section */
		1D6058940D05DD3E006BFB54 /* Debug */ = {
			isa = XCBuildConfiguration;
			baseConfigurationReference = 3047A50F1AB8059700498E2A /* build-debug.xcconfig */;
			buildSettings = {
				ALWAYS_SEARCH_USER_PATHS = NO;
				ASSETCATALOG_COMPILER_APPICON_NAME = AppIcon;
				ASSETCATALOG_COMPILER_LAUNCHIMAGE_NAME = LaunchImage;
				CLANG_ENABLE_MODULES = YES;
				CLANG_ENABLE_OBJC_ARC = YES;
				CODE_SIGN_IDENTITY = "Apple Development";
				COPY_PHASE_STRIP = NO;
				CURRENT_PROJECT_VERSION = 0.0.3;
				DEVELOPMENT_TEAM = GC2M858ZDN;
				GCC_DYNAMIC_NO_PIC = NO;
				GCC_OPTIMIZATION_LEVEL = 0;
				GCC_PRECOMPILE_PREFIX_HEADER = YES;
				GCC_PREFIX_HEADER = "Postsrvs/Postsrvs-Prefix.pch";
				GCC_THUMB_SUPPORT = NO;
				GCC_VERSION = "";
				INFOPLIST_FILE = "Postsrvs/Postsrvs-Info.plist";
				IPHONEOS_DEPLOYMENT_TARGET = 11.0;
				LD_RUNPATH_SEARCH_PATHS = "@executable_path/Frameworks";
				MARKETING_VERSION = 0.0.2;
				PRODUCT_BUNDLE_IDENTIFIER = flexcore.postsrvs.w;
				PRODUCT_NAME = "$(TARGET_NAME)";
				TARGETED_DEVICE_FAMILY = 1;
			};
			name = Debug;
		};
		1D6058950D05DD3E006BFB54 /* Release */ = {
			isa = XCBuildConfiguration;
			baseConfigurationReference = 3047A5101AB8059700498E2A /* build-release.xcconfig */;
			buildSettings = {
				ALWAYS_SEARCH_USER_PATHS = NO;
				ASSETCATALOG_COMPILER_APPICON_NAME = AppIcon;
				ASSETCATALOG_COMPILER_LAUNCHIMAGE_NAME = LaunchImage;
				CLANG_ENABLE_MODULES = YES;
				CLANG_ENABLE_OBJC_ARC = YES;
				CODE_SIGN_IDENTITY = "Apple Development";
				COPY_PHASE_STRIP = YES;
				CURRENT_PROJECT_VERSION = 0.0.3;
				DEVELOPMENT_TEAM = GC2M858ZDN;
				GCC_PRECOMPILE_PREFIX_HEADER = YES;
				GCC_PREFIX_HEADER = "Postsrvs/Postsrvs-Prefix.pch";
				GCC_THUMB_SUPPORT = NO;
				GCC_VERSION = "";
				INFOPLIST_FILE = "Postsrvs/Postsrvs-Info.plist";
				IPHONEOS_DEPLOYMENT_TARGET = 11.0;
				LD_RUNPATH_SEARCH_PATHS = "@executable_path/Frameworks";
				MARKETING_VERSION = 0.0.2;
				PRODUCT_BUNDLE_IDENTIFIER = flexcore.postsrvs.w;
				PRODUCT_NAME = "$(TARGET_NAME)";
				TARGETED_DEVICE_FAMILY = 1;
			};
			name = Release;
		};
		C01FCF4F08A954540054247B /* Debug */ = {
			isa = XCBuildConfiguration;
			baseConfigurationReference = 3047A5111AB8059700498E2A /* build.xcconfig */;
			buildSettings = {
				CLANG_ENABLE_MODULES = YES;
				CLANG_ENABLE_OBJC_ARC = YES;
				CLANG_WARN_BLOCK_CAPTURE_AUTORELEASING = YES;
				CLANG_WARN_BOOL_CONVERSION = YES;
				CLANG_WARN_COMMA = YES;
				CLANG_WARN_CONSTANT_CONVERSION = YES;
				CLANG_WARN_DEPRECATED_OBJC_IMPLEMENTATIONS = YES;
				CLANG_WARN_EMPTY_BODY = YES;
				CLANG_WARN_ENUM_CONVERSION = YES;
				CLANG_WARN_INFINITE_RECURSION = YES;
				CLANG_WARN_INT_CONVERSION = YES;
				CLANG_WARN_NON_LITERAL_NULL_CONVERSION = YES;
				CLANG_WARN_OBJC_IMPLICIT_RETAIN_SELF = YES;
				CLANG_WARN_OBJC_LITERAL_CONVERSION = YES;
				CLANG_WARN_RANGE_LOOP_ANALYSIS = YES;
				CLANG_WARN_STRICT_PROTOTYPES = YES;
				CLANG_WARN_SUSPICIOUS_MOVE = YES;
				CLANG_WARN_UNREACHABLE_CODE = YES;
				CLANG_WARN__DUPLICATE_METHOD_MATCH = YES;
				ENABLE_STRICT_OBJC_MSGSEND = YES;
				ENABLE_TESTABILITY = YES;
				GCC_C_LANGUAGE_STANDARD = c99;
				GCC_NO_COMMON_BLOCKS = YES;
				GCC_THUMB_SUPPORT = NO;
				GCC_VERSION = "";
				GCC_WARN_64_TO_32_BIT_CONVERSION = YES;
				GCC_WARN_ABOUT_RETURN_TYPE = YES;
				GCC_WARN_UNDECLARED_SELECTOR = YES;
				GCC_WARN_UNINITIALIZED_AUTOS = YES;
				GCC_WARN_UNUSED_FUNCTION = YES;
				GCC_WARN_UNUSED_VARIABLE = YES;
				IPHONEOS_DEPLOYMENT_TARGET = 11.0;
				ONLY_ACTIVE_ARCH = YES;
				PRODUCT_BUNDLE_IDENTIFIER = postsrvs.w;
				SDKROOT = iphoneos;
				SKIP_INSTALL = NO;
				WK_WEB_VIEW_ONLY = 0;
			};
			name = Debug;
		};
		C01FCF5008A954540054247B /* Release */ = {
			isa = XCBuildConfiguration;
			baseConfigurationReference = 3047A5111AB8059700498E2A /* build.xcconfig */;
			buildSettings = {
				CLANG_ENABLE_MODULES = YES;
				CLANG_ENABLE_OBJC_ARC = YES;
				CLANG_WARN_BLOCK_CAPTURE_AUTORELEASING = YES;
				CLANG_WARN_BOOL_CONVERSION = YES;
				CLANG_WARN_COMMA = YES;
				CLANG_WARN_CONSTANT_CONVERSION = YES;
				CLANG_WARN_DEPRECATED_OBJC_IMPLEMENTATIONS = YES;
				CLANG_WARN_EMPTY_BODY = YES;
				CLANG_WARN_ENUM_CONVERSION = YES;
				CLANG_WARN_INFINITE_RECURSION = YES;
				CLANG_WARN_INT_CONVERSION = YES;
				CLANG_WARN_NON_LITERAL_NULL_CONVERSION = YES;
				CLANG_WARN_OBJC_IMPLICIT_RETAIN_SELF = YES;
				CLANG_WARN_OBJC_LITERAL_CONVERSION = YES;
				CLANG_WARN_RANGE_LOOP_ANALYSIS = YES;
				CLANG_WARN_STRICT_PROTOTYPES = YES;
				CLANG_WARN_SUSPICIOUS_MOVE = YES;
				CLANG_WARN_UNREACHABLE_CODE = YES;
				CLANG_WARN__DUPLICATE_METHOD_MATCH = YES;
				ENABLE_STRICT_OBJC_MSGSEND = YES;
				GCC_C_LANGUAGE_STANDARD = c99;
				GCC_NO_COMMON_BLOCKS = YES;
				GCC_THUMB_SUPPORT = NO;
				GCC_VERSION = "";
				GCC_WARN_64_TO_32_BIT_CONVERSION = YES;
				GCC_WARN_ABOUT_RETURN_TYPE = YES;
				GCC_WARN_UNDECLARED_SELECTOR = YES;
				GCC_WARN_UNINITIALIZED_AUTOS = YES;
				GCC_WARN_UNUSED_FUNCTION = YES;
				GCC_WARN_UNUSED_VARIABLE = YES;
				IPHONEOS_DEPLOYMENT_TARGET = 11.0;
				PRODUCT_BUNDLE_IDENTIFIER = postsrvs.w;
				SDKROOT = iphoneos;
				SKIP_INSTALL = NO;
				WK_WEB_VIEW_ONLY = 0;
			};
			name = Release;
		};
/* End XCBuildConfiguration section */

/* Begin XCConfigurationList section */
		1D6058960D05DD3E006BFB54 /* Build configuration list for PBXNativeTarget "Postsrvs" */ = {
			isa = XCConfigurationList;
			buildConfigurations = (
				1D6058940D05DD3E006BFB54 /* Debug */,
				1D6058950D05DD3E006BFB54 /* Release */,
			);
			defaultConfigurationIsVisible = 0;
			defaultConfigurationName = Release;
		};
		C01FCF4E08A954540054247B /* Build configuration list for PBXProject "Postsrvs" */ = {
			isa = XCConfigurationList;
			buildConfigurations = (
				C01FCF4F08A954540054247B /* Debug */,
				C01FCF5008A954540054247B /* Release */,
			);
			defaultConfigurationIsVisible = 0;
			defaultConfigurationName = Release;
		};
/* End XCConfigurationList section */
	};
	rootObject = 29B97313FDCFA39411CA2CEA /* Project object */;
}
